// !$*UTF8*$!
{
	archiveVersion = 1;
	classes = {
	};
	objectVersion = 56;
	objects = {

/* Begin PBXBuildFile section */
		2F0903CE25B128309AE393FD /* Pods_WeSail_WeSailUITests.framework in Frameworks */ = {isa = PBXBuildFile; fileRef = 51DC97EFCA7AA9D8AA65D6E4 /* Pods_WeSail_WeSailUITests.framework */; };
		3C17C8722B14D60B00C74788 /* WeSailApp.swift in Sources */ = {isa = PBXBuildFile; fileRef = 3C17C8712B14D60B00C74788 /* WeSailApp.swift */; };
		3C17C8742B14D60B00C74788 /* ContentView.swift in Sources */ = {isa = PBXBuildFile; fileRef = 3C17C8732B14D60B00C74788 /* ContentView.swift */; };
		3C17C8762B14D60D00C74788 /* Assets.xcassets in Resources */ = {isa = PBXBuildFile; fileRef = 3C17C8752B14D60D00C74788 /* Assets.xcassets */; };
		3C17C8792B14D60D00C74788 /* Preview Assets.xcassets in Resources */ = {isa = PBXBuildFile; fileRef = 3C17C8782B14D60D00C74788 /* Preview Assets.xcassets */; };
		3C17C8832B14D60D00C74788 /* WeSailTests.swift in Sources */ = {isa = PBXBuildFile; fileRef = 3C17C8822B14D60D00C74788 /* WeSailTests.swift */; };
		3C17C88D2B14D60E00C74788 /* WeSailUITests.swift in Sources */ = {isa = PBXBuildFile; fileRef = 3C17C88C2B14D60E00C74788 /* WeSailUITests.swift */; };
		3C17C88F2B14D60E00C74788 /* WeSailUITestsLaunchTests.swift in Sources */ = {isa = PBXBuildFile; fileRef = 3C17C88E2B14D60E00C74788 /* WeSailUITestsLaunchTests.swift */; };
		3C17C89C2B14D72B00C74788 /* MessageView.swift in Sources */ = {isa = PBXBuildFile; fileRef = 3C17C89B2B14D72B00C74788 /* MessageView.swift */; };
		3C17C89F2B14DAEE00C74788 /* ChatView.swift in Sources */ = {isa = PBXBuildFile; fileRef = 3C17C89E2B14DAEE00C74788 /* ChatView.swift */; };
		3C17C8A22B14DB3F00C74788 /* Message.swift in Sources */ = {isa = PBXBuildFile; fileRef = 3C17C8A12B14DB3F00C74788 /* Message.swift */; };
		3C17C8A42B14DD2000C74788 /* MessageViewTests.swift in Sources */ = {isa = PBXBuildFile; fileRef = 3C17C8A32B14DD2000C74788 /* MessageViewTests.swift */; };
		3C17C8A62B14E3A900C74788 /* Chat.swift in Sources */ = {isa = PBXBuildFile; fileRef = 3C17C8A52B14E3A900C74788 /* Chat.swift */; };
		3C17C8A82B14E5FB00C74788 /* LoginView.swift in Sources */ = {isa = PBXBuildFile; fileRef = 3C17C8A72B14E5FB00C74788 /* LoginView.swift */; };
		3C17C8AE2B14EC1000C74788 /* DatabaseManager.swift in Sources */ = {isa = PBXBuildFile; fileRef = 3C17C8AD2B14EC1000C74788 /* DatabaseManager.swift */; };
		3C17C8B02B14EC2400C74788 /* AuthManager.swift in Sources */ = {isa = PBXBuildFile; fileRef = 3C17C8AF2B14EC2400C74788 /* AuthManager.swift */; };
		3C17C8B22B14F15700C74788 /* User.swift in Sources */ = {isa = PBXBuildFile; fileRef = 3C17C8B12B14F15700C74788 /* User.swift */; };
		3C17C8B42B14F44800C74788 /* GoogleService-Info.plist in Resources */ = {isa = PBXBuildFile; fileRef = 3C17C8B32B14F44800C74788 /* GoogleService-Info.plist */; };
		3C46FBBA2B152A06003B0884 /* HomeView.swift in Sources */ = {isa = PBXBuildFile; fileRef = 3C46FBB92B152A06003B0884 /* HomeView.swift */; };
		3C46FBBE2B152A78003B0884 /* ProfileView.swift in Sources */ = {isa = PBXBuildFile; fileRef = 3C46FBBD2B152A78003B0884 /* ProfileView.swift */; };
		3C46FBC02B152BAF003B0884 /* BoatsView.swift in Sources */ = {isa = PBXBuildFile; fileRef = 3C46FBBF2B152BAE003B0884 /* BoatsView.swift */; };
		3C524A832B1B72A5000B1667 /* EventsView.swift in Sources */ = {isa = PBXBuildFile; fileRef = 3C524A822B1B72A5000B1667 /* EventsView.swift */; };
		3C524A852B1B72CA000B1667 /* PicturesView.swift in Sources */ = {isa = PBXBuildFile; fileRef = 3C524A842B1B72CA000B1667 /* PicturesView.swift */; };
		3C524A872B1B7CEA000B1667 /* Boats.swift in Sources */ = {isa = PBXBuildFile; fileRef = 3C524A862B1B7CEA000B1667 /* Boats.swift */; };
		3C524A892B1B7D30000B1667 /* Boat.swift in Sources */ = {isa = PBXBuildFile; fileRef = 3C524A882B1B7D30000B1667 /* Boat.swift */; };
		3C524A8B2B1B8021000B1667 /* Event.swift in Sources */ = {isa = PBXBuildFile; fileRef = 3C524A8A2B1B8021000B1667 /* Event.swift */; };
		3C524A8D2B1B8207000B1667 /* BoatView.swift in Sources */ = {isa = PBXBuildFile; fileRef = 3C524A8C2B1B8207000B1667 /* BoatView.swift */; };
		3C524A8F2B1B92D2000B1667 /* CrewView.swift in Sources */ = {isa = PBXBuildFile; fileRef = 3C524A8E2B1B92D2000B1667 /* CrewView.swift */; };
		3C524A912B1B9A3E000B1667 /* Events.swift in Sources */ = {isa = PBXBuildFile; fileRef = 3C524A902B1B9A3E000B1667 /* Events.swift */; };
		3C524A932B1B9FFB000B1667 /* EventView.swift in Sources */ = {isa = PBXBuildFile; fileRef = 3C524A922B1B9FFB000B1667 /* EventView.swift */; };
		3C94C4952B1559D20049FCE9 /* SplashScreenView.swift in Sources */ = {isa = PBXBuildFile; fileRef = 3C94C4942B1559D20049FCE9 /* SplashScreenView.swift */; };
		3CEBE2842B1A307600EA59D5 /* ChatsView.swift in Sources */ = {isa = PBXBuildFile; fileRef = 3CEBE2832B1A307600EA59D5 /* ChatsView.swift */; };
		3CEBE2862B1A330100EA59D5 /* Chats.swift in Sources */ = {isa = PBXBuildFile; fileRef = 3CEBE2852B1A330100EA59D5 /* Chats.swift */; };
		3CEBE2892B1A426600EA59D5 /* Date.swift in Sources */ = {isa = PBXBuildFile; fileRef = 3CEBE2882B1A426600EA59D5 /* Date.swift */; };
		3CFA98052B1F0F72005FBBCA /* Race.swift in Sources */ = {isa = PBXBuildFile; fileRef = 3CFA98042B1F0F72005FBBCA /* Race.swift */; };
		3CFA98072B1F547C005FBBCA /* Races.swift in Sources */ = {isa = PBXBuildFile; fileRef = 3CFA98062B1F547C005FBBCA /* Races.swift */; };
		999A7D181D08ED88D3E5AB02 /* Pods_WeSail.framework in Frameworks */ = {isa = PBXBuildFile; fileRef = 6145398296DDB348149FAA8C /* Pods_WeSail.framework */; };
		F9FE9DC0B22D236BCFADFB1D /* Pods_WeSailTests.framework in Frameworks */ = {isa = PBXBuildFile; fileRef = 94A1300D5AA2E5B6B06B4A25 /* Pods_WeSailTests.framework */; };
/* End PBXBuildFile section */

/* Begin PBXContainerItemProxy section */
		3C17C87F2B14D60D00C74788 /* PBXContainerItemProxy */ = {
			isa = PBXContainerItemProxy;
			containerPortal = 3C17C8662B14D60B00C74788 /* Project object */;
			proxyType = 1;
			remoteGlobalIDString = 3C17C86D2B14D60B00C74788;
			remoteInfo = WeSail;
		};
		3C17C8892B14D60E00C74788 /* PBXContainerItemProxy */ = {
			isa = PBXContainerItemProxy;
			containerPortal = 3C17C8662B14D60B00C74788 /* Project object */;
			proxyType = 1;
			remoteGlobalIDString = 3C17C86D2B14D60B00C74788;
			remoteInfo = WeSail;
		};
/* End PBXContainerItemProxy section */

/* Begin PBXFileReference section */
		2260121AEE9BF01A978BD7C3 /* Pods-WeSail-WeSailUITests.debug.xcconfig */ = {isa = PBXFileReference; includeInIndex = 1; lastKnownFileType = text.xcconfig; name = "Pods-WeSail-WeSailUITests.debug.xcconfig"; path = "Target Support Files/Pods-WeSail-WeSailUITests/Pods-WeSail-WeSailUITests.debug.xcconfig"; sourceTree = "<group>"; };
		2387EA2BC58C34E4A74F3818 /* Pods-WeSailTests.debug.xcconfig */ = {isa = PBXFileReference; includeInIndex = 1; lastKnownFileType = text.xcconfig; name = "Pods-WeSailTests.debug.xcconfig"; path = "Target Support Files/Pods-WeSailTests/Pods-WeSailTests.debug.xcconfig"; sourceTree = "<group>"; };
		2452754E36E330B54FB0BDD3 /* Pods-WeSail-WeSailUITests.release.xcconfig */ = {isa = PBXFileReference; includeInIndex = 1; lastKnownFileType = text.xcconfig; name = "Pods-WeSail-WeSailUITests.release.xcconfig"; path = "Target Support Files/Pods-WeSail-WeSailUITests/Pods-WeSail-WeSailUITests.release.xcconfig"; sourceTree = "<group>"; };
		3C17C86E2B14D60B00C74788 /* WeSail.app */ = {isa = PBXFileReference; explicitFileType = wrapper.application; includeInIndex = 0; path = WeSail.app; sourceTree = BUILT_PRODUCTS_DIR; };
		3C17C8712B14D60B00C74788 /* WeSailApp.swift */ = {isa = PBXFileReference; lastKnownFileType = sourcecode.swift; path = WeSailApp.swift; sourceTree = "<group>"; };
		3C17C8732B14D60B00C74788 /* ContentView.swift */ = {isa = PBXFileReference; lastKnownFileType = sourcecode.swift; path = ContentView.swift; sourceTree = "<group>"; };
		3C17C8752B14D60D00C74788 /* Assets.xcassets */ = {isa = PBXFileReference; lastKnownFileType = folder.assetcatalog; path = Assets.xcassets; sourceTree = "<group>"; };
		3C17C8782B14D60D00C74788 /* Preview Assets.xcassets */ = {isa = PBXFileReference; lastKnownFileType = folder.assetcatalog; path = "Preview Assets.xcassets"; sourceTree = "<group>"; };
		3C17C87E2B14D60D00C74788 /* WeSailTests.xctest */ = {isa = PBXFileReference; explicitFileType = wrapper.cfbundle; includeInIndex = 0; path = WeSailTests.xctest; sourceTree = BUILT_PRODUCTS_DIR; };
		3C17C8822B14D60D00C74788 /* WeSailTests.swift */ = {isa = PBXFileReference; lastKnownFileType = sourcecode.swift; path = WeSailTests.swift; sourceTree = "<group>"; };
		3C17C8882B14D60D00C74788 /* WeSailUITests.xctest */ = {isa = PBXFileReference; explicitFileType = wrapper.cfbundle; includeInIndex = 0; path = WeSailUITests.xctest; sourceTree = BUILT_PRODUCTS_DIR; };
		3C17C88C2B14D60E00C74788 /* WeSailUITests.swift */ = {isa = PBXFileReference; lastKnownFileType = sourcecode.swift; path = WeSailUITests.swift; sourceTree = "<group>"; };
		3C17C88E2B14D60E00C74788 /* WeSailUITestsLaunchTests.swift */ = {isa = PBXFileReference; lastKnownFileType = sourcecode.swift; path = WeSailUITestsLaunchTests.swift; sourceTree = "<group>"; };
		3C17C89B2B14D72B00C74788 /* MessageView.swift */ = {isa = PBXFileReference; lastKnownFileType = sourcecode.swift; path = MessageView.swift; sourceTree = "<group>"; };
		3C17C89E2B14DAEE00C74788 /* ChatView.swift */ = {isa = PBXFileReference; lastKnownFileType = sourcecode.swift; path = ChatView.swift; sourceTree = "<group>"; };
		3C17C8A12B14DB3F00C74788 /* Message.swift */ = {isa = PBXFileReference; lastKnownFileType = sourcecode.swift; path = Message.swift; sourceTree = "<group>"; };
		3C17C8A32B14DD2000C74788 /* MessageViewTests.swift */ = {isa = PBXFileReference; lastKnownFileType = sourcecode.swift; path = MessageViewTests.swift; sourceTree = "<group>"; };
		3C17C8A52B14E3A900C74788 /* Chat.swift */ = {isa = PBXFileReference; lastKnownFileType = sourcecode.swift; path = Chat.swift; sourceTree = "<group>"; };
		3C17C8A72B14E5FB00C74788 /* LoginView.swift */ = {isa = PBXFileReference; lastKnownFileType = sourcecode.swift; path = LoginView.swift; sourceTree = "<group>"; };
		3C17C8AD2B14EC1000C74788 /* DatabaseManager.swift */ = {isa = PBXFileReference; lastKnownFileType = sourcecode.swift; path = DatabaseManager.swift; sourceTree = "<group>"; };
		3C17C8AF2B14EC2400C74788 /* AuthManager.swift */ = {isa = PBXFileReference; lastKnownFileType = sourcecode.swift; path = AuthManager.swift; sourceTree = "<group>"; };
		3C17C8B12B14F15700C74788 /* User.swift */ = {isa = PBXFileReference; lastKnownFileType = sourcecode.swift; path = User.swift; sourceTree = "<group>"; };
		3C17C8B32B14F44800C74788 /* GoogleService-Info.plist */ = {isa = PBXFileReference; fileEncoding = 4; lastKnownFileType = text.plist.xml; path = "GoogleService-Info.plist"; sourceTree = "<group>"; };
		3C17C8B52B14F5C300C74788 /* Info.plist */ = {isa = PBXFileReference; lastKnownFileType = text.plist.xml; path = Info.plist; sourceTree = "<group>"; };
		3C17C8B62B14F83B00C74788 /* Config.xcconfig */ = {isa = PBXFileReference; lastKnownFileType = text.xcconfig; path = Config.xcconfig; sourceTree = "<group>"; };
		3C46FBB92B152A06003B0884 /* HomeView.swift */ = {isa = PBXFileReference; lastKnownFileType = sourcecode.swift; path = HomeView.swift; sourceTree = "<group>"; };
		3C46FBBD2B152A78003B0884 /* ProfileView.swift */ = {isa = PBXFileReference; lastKnownFileType = sourcecode.swift; path = ProfileView.swift; sourceTree = "<group>"; };
		3C46FBBF2B152BAE003B0884 /* BoatsView.swift */ = {isa = PBXFileReference; lastKnownFileType = sourcecode.swift; path = BoatsView.swift; sourceTree = "<group>"; };
		3C524A822B1B72A5000B1667 /* EventsView.swift */ = {isa = PBXFileReference; lastKnownFileType = sourcecode.swift; path = EventsView.swift; sourceTree = "<group>"; };
		3C524A842B1B72CA000B1667 /* PicturesView.swift */ = {isa = PBXFileReference; lastKnownFileType = sourcecode.swift; path = PicturesView.swift; sourceTree = "<group>"; };
		3C524A862B1B7CEA000B1667 /* Boats.swift */ = {isa = PBXFileReference; lastKnownFileType = sourcecode.swift; path = Boats.swift; sourceTree = "<group>"; };
		3C524A882B1B7D30000B1667 /* Boat.swift */ = {isa = PBXFileReference; lastKnownFileType = sourcecode.swift; path = Boat.swift; sourceTree = "<group>"; };
		3C524A8A2B1B8021000B1667 /* Event.swift */ = {isa = PBXFileReference; lastKnownFileType = sourcecode.swift; path = Event.swift; sourceTree = "<group>"; };
		3C524A8C2B1B8207000B1667 /* BoatView.swift */ = {isa = PBXFileReference; lastKnownFileType = sourcecode.swift; path = BoatView.swift; sourceTree = "<group>"; };
		3C524A8E2B1B92D2000B1667 /* CrewView.swift */ = {isa = PBXFileReference; lastKnownFileType = sourcecode.swift; path = CrewView.swift; sourceTree = "<group>"; };
		3C524A902B1B9A3E000B1667 /* Events.swift */ = {isa = PBXFileReference; lastKnownFileType = sourcecode.swift; path = Events.swift; sourceTree = "<group>"; };
		3C524A922B1B9FFB000B1667 /* EventView.swift */ = {isa = PBXFileReference; lastKnownFileType = sourcecode.swift; path = EventView.swift; sourceTree = "<group>"; };
		3C94C4942B1559D20049FCE9 /* SplashScreenView.swift */ = {isa = PBXFileReference; lastKnownFileType = sourcecode.swift; path = SplashScreenView.swift; sourceTree = "<group>"; };
		3CEBE2832B1A307600EA59D5 /* ChatsView.swift */ = {isa = PBXFileReference; lastKnownFileType = sourcecode.swift; path = ChatsView.swift; sourceTree = "<group>"; };
		3CEBE2852B1A330100EA59D5 /* Chats.swift */ = {isa = PBXFileReference; lastKnownFileType = sourcecode.swift; path = Chats.swift; sourceTree = "<group>"; };
		3CEBE2882B1A426600EA59D5 /* Date.swift */ = {isa = PBXFileReference; lastKnownFileType = sourcecode.swift; path = Date.swift; sourceTree = "<group>"; };
		3CFA98042B1F0F72005FBBCA /* Race.swift */ = {isa = PBXFileReference; lastKnownFileType = sourcecode.swift; path = Race.swift; sourceTree = "<group>"; };
		3CFA98062B1F547C005FBBCA /* Races.swift */ = {isa = PBXFileReference; lastKnownFileType = sourcecode.swift; path = Races.swift; sourceTree = "<group>"; };
		51DC97EFCA7AA9D8AA65D6E4 /* Pods_WeSail_WeSailUITests.framework */ = {isa = PBXFileReference; explicitFileType = wrapper.framework; includeInIndex = 0; path = Pods_WeSail_WeSailUITests.framework; sourceTree = BUILT_PRODUCTS_DIR; };
		58730F8965586B81AFA36CED /* Pods-WeSail.debug.xcconfig */ = {isa = PBXFileReference; includeInIndex = 1; lastKnownFileType = text.xcconfig; name = "Pods-WeSail.debug.xcconfig"; path = "Target Support Files/Pods-WeSail/Pods-WeSail.debug.xcconfig"; sourceTree = "<group>"; };
		6145398296DDB348149FAA8C /* Pods_WeSail.framework */ = {isa = PBXFileReference; explicitFileType = wrapper.framework; includeInIndex = 0; path = Pods_WeSail.framework; sourceTree = BUILT_PRODUCTS_DIR; };
		94A1300D5AA2E5B6B06B4A25 /* Pods_WeSailTests.framework */ = {isa = PBXFileReference; explicitFileType = wrapper.framework; includeInIndex = 0; path = Pods_WeSailTests.framework; sourceTree = BUILT_PRODUCTS_DIR; };
		DB13BD6B0AD9BFF1C8D81E13 /* Pods-WeSail.release.xcconfig */ = {isa = PBXFileReference; includeInIndex = 1; lastKnownFileType = text.xcconfig; name = "Pods-WeSail.release.xcconfig"; path = "Target Support Files/Pods-WeSail/Pods-WeSail.release.xcconfig"; sourceTree = "<group>"; };
		FF508270DC75A48ED220A84F /* Pods-WeSailTests.release.xcconfig */ = {isa = PBXFileReference; includeInIndex = 1; lastKnownFileType = text.xcconfig; name = "Pods-WeSailTests.release.xcconfig"; path = "Target Support Files/Pods-WeSailTests/Pods-WeSailTests.release.xcconfig"; sourceTree = "<group>"; };
/* End PBXFileReference section */

/* Begin PBXFrameworksBuildPhase section */
		3C17C86B2B14D60B00C74788 /* Frameworks */ = {
			isa = PBXFrameworksBuildPhase;
			buildActionMask = 2147483647;
			files = (
				999A7D181D08ED88D3E5AB02 /* Pods_WeSail.framework in Frameworks */,
			);
			runOnlyForDeploymentPostprocessing = 0;
		};
		3C17C87B2B14D60D00C74788 /* Frameworks */ = {
			isa = PBXFrameworksBuildPhase;
			buildActionMask = 2147483647;
			files = (
				F9FE9DC0B22D236BCFADFB1D /* Pods_WeSailTests.framework in Frameworks */,
			);
			runOnlyForDeploymentPostprocessing = 0;
		};
		3C17C8852B14D60D00C74788 /* Frameworks */ = {
			isa = PBXFrameworksBuildPhase;
			buildActionMask = 2147483647;
			files = (
				2F0903CE25B128309AE393FD /* Pods_WeSail_WeSailUITests.framework in Frameworks */,
			);
			runOnlyForDeploymentPostprocessing = 0;
		};
/* End PBXFrameworksBuildPhase section */

/* Begin PBXGroup section */
		03F636F783E851ED53C19356 /* Frameworks */ = {
			isa = PBXGroup;
			children = (
				6145398296DDB348149FAA8C /* Pods_WeSail.framework */,
				51DC97EFCA7AA9D8AA65D6E4 /* Pods_WeSail_WeSailUITests.framework */,
				94A1300D5AA2E5B6B06B4A25 /* Pods_WeSailTests.framework */,
			);
			name = Frameworks;
			sourceTree = "<group>";
		};
		3C17C8652B14D60B00C74788 = {
			isa = PBXGroup;
			children = (
				3C17C8702B14D60B00C74788 /* WeSail */,
				3C17C8812B14D60D00C74788 /* WeSailTests */,
				3C17C88B2B14D60E00C74788 /* WeSailUITests */,
				3C17C86F2B14D60B00C74788 /* Products */,
				FD3B1A0506F27C9B0DD82A87 /* Pods */,
				03F636F783E851ED53C19356 /* Frameworks */,
			);
			sourceTree = "<group>";
		};
		3C17C86F2B14D60B00C74788 /* Products */ = {
			isa = PBXGroup;
			children = (
				3C17C86E2B14D60B00C74788 /* WeSail.app */,
				3C17C87E2B14D60D00C74788 /* WeSailTests.xctest */,
				3C17C8882B14D60D00C74788 /* WeSailUITests.xctest */,
			);
			name = Products;
			sourceTree = "<group>";
		};
		3C17C8702B14D60B00C74788 /* WeSail */ = {
			isa = PBXGroup;
			children = (
				3CEBE2872B1A425400EA59D5 /* Extensions */,
				3C17C8AC2B14EBFB00C74788 /* Managers */,
				3C17C8A92B14E70500C74788 /* SupportingFiles */,
				3C17C8A02B14DB0200C74788 /* Models */,
				3C17C89D2B14DAD000C74788 /* Views */,
				3C17C8712B14D60B00C74788 /* WeSailApp.swift */,
				3C17C8732B14D60B00C74788 /* ContentView.swift */,
			);
			path = WeSail;
			sourceTree = "<group>";
		};
		3C17C8812B14D60D00C74788 /* WeSailTests */ = {
			isa = PBXGroup;
			children = (
				3C17C8822B14D60D00C74788 /* WeSailTests.swift */,
			);
			path = WeSailTests;
			sourceTree = "<group>";
		};
		3C17C88B2B14D60E00C74788 /* WeSailUITests */ = {
			isa = PBXGroup;
			children = (
				3C17C88C2B14D60E00C74788 /* WeSailUITests.swift */,
				3C17C88E2B14D60E00C74788 /* WeSailUITestsLaunchTests.swift */,
				3C17C8A32B14DD2000C74788 /* MessageViewTests.swift */,
			);
			path = WeSailUITests;
			sourceTree = "<group>";
		};
		3C17C89D2B14DAD000C74788 /* Views */ = {
			isa = PBXGroup;
			children = (
				3C17C89E2B14DAEE00C74788 /* ChatView.swift */,
				3C17C89B2B14D72B00C74788 /* MessageView.swift */,
				3C17C8A72B14E5FB00C74788 /* LoginView.swift */,
				3C46FBB92B152A06003B0884 /* HomeView.swift */,
				3C46FBBD2B152A78003B0884 /* ProfileView.swift */,
				3C46FBBF2B152BAE003B0884 /* BoatsView.swift */,
				3CEBE2832B1A307600EA59D5 /* ChatsView.swift */,
				3C524A822B1B72A5000B1667 /* EventsView.swift */,
				3C524A842B1B72CA000B1667 /* PicturesView.swift */,
				3C524A8C2B1B8207000B1667 /* BoatView.swift */,
				3C524A8E2B1B92D2000B1667 /* CrewView.swift */,
				3C524A922B1B9FFB000B1667 /* EventView.swift */,
			);
			path = Views;
			sourceTree = "<group>";
		};
		3C17C8A02B14DB0200C74788 /* Models */ = {
			isa = PBXGroup;
			children = (
				3C17C8A12B14DB3F00C74788 /* Message.swift */,
				3C17C8A52B14E3A900C74788 /* Chat.swift */,
				3C17C8B12B14F15700C74788 /* User.swift */,
				3CEBE2852B1A330100EA59D5 /* Chats.swift */,
				3C524A862B1B7CEA000B1667 /* Boats.swift */,
				3C524A882B1B7D30000B1667 /* Boat.swift */,
				3C524A8A2B1B8021000B1667 /* Event.swift */,
				3C524A902B1B9A3E000B1667 /* Events.swift */,
				3CFA98042B1F0F72005FBBCA /* Race.swift */,
				3CFA98062B1F547C005FBBCA /* Races.swift */,
			);
			path = Models;
			sourceTree = "<group>";
		};
		3C17C8A92B14E70500C74788 /* SupportingFiles */ = {
			isa = PBXGroup;
			children = (
				3C17C8782B14D60D00C74788 /* Preview Assets.xcassets */,
				3C94C4942B1559D20049FCE9 /* SplashScreenView.swift */,
				3C17C8B52B14F5C300C74788 /* Info.plist */,
				3C17C8B32B14F44800C74788 /* GoogleService-Info.plist */,
				3C17C8752B14D60D00C74788 /* Assets.xcassets */,
				3C17C8B62B14F83B00C74788 /* Config.xcconfig */,
			);
			path = SupportingFiles;
			sourceTree = "<group>";
		};
		3C17C8AC2B14EBFB00C74788 /* Managers */ = {
			isa = PBXGroup;
			children = (
				3C17C8AD2B14EC1000C74788 /* DatabaseManager.swift */,
				3C17C8AF2B14EC2400C74788 /* AuthManager.swift */,
			);
			path = Managers;
			sourceTree = "<group>";
		};
		3CEBE2872B1A425400EA59D5 /* Extensions */ = {
			isa = PBXGroup;
			children = (
				3CEBE2882B1A426600EA59D5 /* Date.swift */,
			);
			path = Extensions;
			sourceTree = "<group>";
		};
		FD3B1A0506F27C9B0DD82A87 /* Pods */ = {
			isa = PBXGroup;
			children = (
				58730F8965586B81AFA36CED /* Pods-WeSail.debug.xcconfig */,
				DB13BD6B0AD9BFF1C8D81E13 /* Pods-WeSail.release.xcconfig */,
				2260121AEE9BF01A978BD7C3 /* Pods-WeSail-WeSailUITests.debug.xcconfig */,
				2452754E36E330B54FB0BDD3 /* Pods-WeSail-WeSailUITests.release.xcconfig */,
				2387EA2BC58C34E4A74F3818 /* Pods-WeSailTests.debug.xcconfig */,
				FF508270DC75A48ED220A84F /* Pods-WeSailTests.release.xcconfig */,
			);
			path = Pods;
			sourceTree = "<group>";
		};
/* End PBXGroup section */

/* Begin PBXNativeTarget section */
		3C17C86D2B14D60B00C74788 /* WeSail */ = {
			isa = PBXNativeTarget;
			buildConfigurationList = 3C17C8922B14D60E00C74788 /* Build configuration list for PBXNativeTarget "WeSail" */;
			buildPhases = (
				C1EC95F7C150CA34497A86FD /* [CP] Check Pods Manifest.lock */,
				3C17C86A2B14D60B00C74788 /* Sources */,
				3C17C86B2B14D60B00C74788 /* Frameworks */,
				3C17C86C2B14D60B00C74788 /* Resources */,
			);
			buildRules = (
			);
			dependencies = (
			);
			name = WeSail;
			productName = WeSail;
			productReference = 3C17C86E2B14D60B00C74788 /* WeSail.app */;
			productType = "com.apple.product-type.application";
		};
		3C17C87D2B14D60D00C74788 /* WeSailTests */ = {
			isa = PBXNativeTarget;
			buildConfigurationList = 3C17C8952B14D60E00C74788 /* Build configuration list for PBXNativeTarget "WeSailTests" */;
			buildPhases = (
				6DA1C14FFF013444FFBFD1D6 /* [CP] Check Pods Manifest.lock */,
				3C17C87A2B14D60D00C74788 /* Sources */,
				3C17C87B2B14D60D00C74788 /* Frameworks */,
				3C17C87C2B14D60D00C74788 /* Resources */,
			);
			buildRules = (
			);
			dependencies = (
				3C17C8802B14D60D00C74788 /* PBXTargetDependency */,
			);
			name = WeSailTests;
			productName = WeSailTests;
			productReference = 3C17C87E2B14D60D00C74788 /* WeSailTests.xctest */;
			productType = "com.apple.product-type.bundle.unit-test";
		};
		3C17C8872B14D60D00C74788 /* WeSailUITests */ = {
			isa = PBXNativeTarget;
			buildConfigurationList = 3C17C8982B14D60E00C74788 /* Build configuration list for PBXNativeTarget "WeSailUITests" */;
			buildPhases = (
				AA1AB1E50FECD609B870B0B0 /* [CP] Check Pods Manifest.lock */,
				3C17C8842B14D60D00C74788 /* Sources */,
				3C17C8852B14D60D00C74788 /* Frameworks */,
				3C17C8862B14D60D00C74788 /* Resources */,
			);
			buildRules = (
			);
			dependencies = (
				3C17C88A2B14D60E00C74788 /* PBXTargetDependency */,
			);
			name = WeSailUITests;
			productName = WeSailUITests;
			productReference = 3C17C8882B14D60D00C74788 /* WeSailUITests.xctest */;
			productType = "com.apple.product-type.bundle.ui-testing";
		};
/* End PBXNativeTarget section */

/* Begin PBXProject section */
		3C17C8662B14D60B00C74788 /* Project object */ = {
			isa = PBXProject;
			attributes = {
				BuildIndependentTargetsInParallel = 1;
				LastSwiftUpdateCheck = 1500;
				LastUpgradeCheck = 1500;
				TargetAttributes = {
					3C17C86D2B14D60B00C74788 = {
						CreatedOnToolsVersion = 15.0.1;
					};
					3C17C87D2B14D60D00C74788 = {
						CreatedOnToolsVersion = 15.0.1;
						TestTargetID = 3C17C86D2B14D60B00C74788;
					};
					3C17C8872B14D60D00C74788 = {
						CreatedOnToolsVersion = 15.0.1;
						TestTargetID = 3C17C86D2B14D60B00C74788;
					};
				};
			};
			buildConfigurationList = 3C17C8692B14D60B00C74788 /* Build configuration list for PBXProject "WeSail" */;
			compatibilityVersion = "Xcode 14.0";
			developmentRegion = en;
			hasScannedForEncodings = 0;
			knownRegions = (
				en,
				Base,
			);
			mainGroup = 3C17C8652B14D60B00C74788;
			productRefGroup = 3C17C86F2B14D60B00C74788 /* Products */;
			projectDirPath = "";
			projectRoot = "";
			targets = (
				3C17C86D2B14D60B00C74788 /* WeSail */,
				3C17C87D2B14D60D00C74788 /* WeSailTests */,
				3C17C8872B14D60D00C74788 /* WeSailUITests */,
			);
		};
/* End PBXProject section */

/* Begin PBXResourcesBuildPhase section */
		3C17C86C2B14D60B00C74788 /* Resources */ = {
			isa = PBXResourcesBuildPhase;
			buildActionMask = 2147483647;
			files = (
				3C17C8792B14D60D00C74788 /* Preview Assets.xcassets in Resources */,
				3C17C8762B14D60D00C74788 /* Assets.xcassets in Resources */,
				3C17C8B42B14F44800C74788 /* GoogleService-Info.plist in Resources */,
			);
			runOnlyForDeploymentPostprocessing = 0;
		};
		3C17C87C2B14D60D00C74788 /* Resources */ = {
			isa = PBXResourcesBuildPhase;
			buildActionMask = 2147483647;
			files = (
			);
			runOnlyForDeploymentPostprocessing = 0;
		};
		3C17C8862B14D60D00C74788 /* Resources */ = {
			isa = PBXResourcesBuildPhase;
			buildActionMask = 2147483647;
			files = (
			);
			runOnlyForDeploymentPostprocessing = 0;
		};
/* End PBXResourcesBuildPhase section */

/* Begin PBXShellScriptBuildPhase section */
		6DA1C14FFF013444FFBFD1D6 /* [CP] Check Pods Manifest.lock */ = {
			isa = PBXShellScriptBuildPhase;
			buildActionMask = 2147483647;
			files = (
			);
			inputFileListPaths = (
			);
			inputPaths = (
				"${PODS_PODFILE_DIR_PATH}/Podfile.lock",
				"${PODS_ROOT}/Manifest.lock",
			);
			name = "[CP] Check Pods Manifest.lock";
			outputFileListPaths = (
			);
			outputPaths = (
				"$(DERIVED_FILE_DIR)/Pods-WeSailTests-checkManifestLockResult.txt",
			);
			runOnlyForDeploymentPostprocessing = 0;
			shellPath = /bin/sh;
			shellScript = "diff \"${PODS_PODFILE_DIR_PATH}/Podfile.lock\" \"${PODS_ROOT}/Manifest.lock\" > /dev/null\nif [ $? != 0 ] ; then\n    # print error to STDERR\n    echo \"error: The sandbox is not in sync with the Podfile.lock. Run 'pod install' or update your CocoaPods installation.\" >&2\n    exit 1\nfi\n# This output is used by Xcode 'outputs' to avoid re-running this script phase.\necho \"SUCCESS\" > \"${SCRIPT_OUTPUT_FILE_0}\"\n";
			showEnvVarsInLog = 0;
		};
		AA1AB1E50FECD609B870B0B0 /* [CP] Check Pods Manifest.lock */ = {
			isa = PBXShellScriptBuildPhase;
			buildActionMask = 2147483647;
			files = (
			);
			inputFileListPaths = (
			);
			inputPaths = (
				"${PODS_PODFILE_DIR_PATH}/Podfile.lock",
				"${PODS_ROOT}/Manifest.lock",
			);
			name = "[CP] Check Pods Manifest.lock";
			outputFileListPaths = (
			);
			outputPaths = (
				"$(DERIVED_FILE_DIR)/Pods-WeSail-WeSailUITests-checkManifestLockResult.txt",
			);
			runOnlyForDeploymentPostprocessing = 0;
			shellPath = /bin/sh;
			shellScript = "diff \"${PODS_PODFILE_DIR_PATH}/Podfile.lock\" \"${PODS_ROOT}/Manifest.lock\" > /dev/null\nif [ $? != 0 ] ; then\n    # print error to STDERR\n    echo \"error: The sandbox is not in sync with the Podfile.lock. Run 'pod install' or update your CocoaPods installation.\" >&2\n    exit 1\nfi\n# This output is used by Xcode 'outputs' to avoid re-running this script phase.\necho \"SUCCESS\" > \"${SCRIPT_OUTPUT_FILE_0}\"\n";
			showEnvVarsInLog = 0;
		};
		C1EC95F7C150CA34497A86FD /* [CP] Check Pods Manifest.lock */ = {
			isa = PBXShellScriptBuildPhase;
			buildActionMask = 2147483647;
			files = (
			);
			inputFileListPaths = (
			);
			inputPaths = (
				"${PODS_PODFILE_DIR_PATH}/Podfile.lock",
				"${PODS_ROOT}/Manifest.lock",
			);
			name = "[CP] Check Pods Manifest.lock";
			outputFileListPaths = (
			);
			outputPaths = (
				"$(DERIVED_FILE_DIR)/Pods-WeSail-checkManifestLockResult.txt",
			);
			runOnlyForDeploymentPostprocessing = 0;
			shellPath = /bin/sh;
			shellScript = "diff \"${PODS_PODFILE_DIR_PATH}/Podfile.lock\" \"${PODS_ROOT}/Manifest.lock\" > /dev/null\nif [ $? != 0 ] ; then\n    # print error to STDERR\n    echo \"error: The sandbox is not in sync with the Podfile.lock. Run 'pod install' or update your CocoaPods installation.\" >&2\n    exit 1\nfi\n# This output is used by Xcode 'outputs' to avoid re-running this script phase.\necho \"SUCCESS\" > \"${SCRIPT_OUTPUT_FILE_0}\"\n";
			showEnvVarsInLog = 0;
		};
/* End PBXShellScriptBuildPhase section */

/* Begin PBXSourcesBuildPhase section */
		3C17C86A2B14D60B00C74788 /* Sources */ = {
			isa = PBXSourcesBuildPhase;
			buildActionMask = 2147483647;
			files = (
				3CFA98072B1F547C005FBBCA /* Races.swift in Sources */,
				3C17C8AE2B14EC1000C74788 /* DatabaseManager.swift in Sources */,
				3C17C8B02B14EC2400C74788 /* AuthManager.swift in Sources */,
				3CEBE2862B1A330100EA59D5 /* Chats.swift in Sources */,
				3C17C89F2B14DAEE00C74788 /* ChatView.swift in Sources */,
				3C524A912B1B9A3E000B1667 /* Events.swift in Sources */,
				3C17C8A82B14E5FB00C74788 /* LoginView.swift in Sources */,
				3C46FBBE2B152A78003B0884 /* ProfileView.swift in Sources */,
				3CEBE2892B1A426600EA59D5 /* Date.swift in Sources */,
				3C17C8A62B14E3A900C74788 /* Chat.swift in Sources */,
				3C46FBBA2B152A06003B0884 /* HomeView.swift in Sources */,
				3C94C4952B1559D20049FCE9 /* SplashScreenView.swift in Sources */,
				3C17C89C2B14D72B00C74788 /* MessageView.swift in Sources */,
				3C524A872B1B7CEA000B1667 /* Boats.swift in Sources */,
				3C524A8B2B1B8021000B1667 /* Event.swift in Sources */,
				3C524A8F2B1B92D2000B1667 /* CrewView.swift in Sources */,
				3C524A932B1B9FFB000B1667 /* EventView.swift in Sources */,
				3C524A892B1B7D30000B1667 /* Boat.swift in Sources */,
				3C524A8D2B1B8207000B1667 /* BoatView.swift in Sources */,
				3C524A852B1B72CA000B1667 /* PicturesView.swift in Sources */,
				3C17C8A22B14DB3F00C74788 /* Message.swift in Sources */,
				3C17C8742B14D60B00C74788 /* ContentView.swift in Sources */,
				3C46FBC02B152BAF003B0884 /* BoatsView.swift in Sources */,
				3CFA98052B1F0F72005FBBCA /* Race.swift in Sources */,
				3CEBE2842B1A307600EA59D5 /* ChatsView.swift in Sources */,
				3C17C8B22B14F15700C74788 /* User.swift in Sources */,
				3C17C8722B14D60B00C74788 /* WeSailApp.swift in Sources */,
				3C524A832B1B72A5000B1667 /* EventsView.swift in Sources */,
			);
			runOnlyForDeploymentPostprocessing = 0;
		};
		3C17C87A2B14D60D00C74788 /* Sources */ = {
			isa = PBXSourcesBuildPhase;
			buildActionMask = 2147483647;
			files = (
				3C17C8832B14D60D00C74788 /* WeSailTests.swift in Sources */,
			);
			runOnlyForDeploymentPostprocessing = 0;
		};
		3C17C8842B14D60D00C74788 /* Sources */ = {
			isa = PBXSourcesBuildPhase;
			buildActionMask = 2147483647;
			files = (
				3C17C8A42B14DD2000C74788 /* MessageViewTests.swift in Sources */,
				3C17C88D2B14D60E00C74788 /* WeSailUITests.swift in Sources */,
				3C17C88F2B14D60E00C74788 /* WeSailUITestsLaunchTests.swift in Sources */,
			);
			runOnlyForDeploymentPostprocessing = 0;
		};
/* End PBXSourcesBuildPhase section */

/* Begin PBXTargetDependency section */
		3C17C8802B14D60D00C74788 /* PBXTargetDependency */ = {
			isa = PBXTargetDependency;
			target = 3C17C86D2B14D60B00C74788 /* WeSail */;
			targetProxy = 3C17C87F2B14D60D00C74788 /* PBXContainerItemProxy */;
		};
		3C17C88A2B14D60E00C74788 /* PBXTargetDependency */ = {
			isa = PBXTargetDependency;
			target = 3C17C86D2B14D60B00C74788 /* WeSail */;
			targetProxy = 3C17C8892B14D60E00C74788 /* PBXContainerItemProxy */;
		};
/* End PBXTargetDependency section */

/* Begin XCBuildConfiguration section */
		3C17C8902B14D60E00C74788 /* Debug */ = {
			isa = XCBuildConfiguration;
			buildSettings = {
				ALWAYS_SEARCH_USER_PATHS = NO;
				ASSETCATALOG_COMPILER_GENERATE_SWIFT_ASSET_SYMBOL_EXTENSIONS = YES;
				CLANG_ANALYZER_NONNULL = YES;
				CLANG_ANALYZER_NUMBER_OBJECT_CONVERSION = YES_AGGRESSIVE;
				CLANG_CXX_LANGUAGE_STANDARD = "gnu++20";
				CLANG_ENABLE_MODULES = YES;
				CLANG_ENABLE_OBJC_ARC = YES;
				CLANG_ENABLE_OBJC_WEAK = YES;
				CLANG_WARN_BLOCK_CAPTURE_AUTORELEASING = YES;
				CLANG_WARN_BOOL_CONVERSION = YES;
				CLANG_WARN_COMMA = YES;
				CLANG_WARN_CONSTANT_CONVERSION = YES;
				CLANG_WARN_DEPRECATED_OBJC_IMPLEMENTATIONS = YES;
				CLANG_WARN_DIRECT_OBJC_ISA_USAGE = YES_ERROR;
				CLANG_WARN_DOCUMENTATION_COMMENTS = YES;
				CLANG_WARN_EMPTY_BODY = YES;
				CLANG_WARN_ENUM_CONVERSION = YES;
				CLANG_WARN_INFINITE_RECURSION = YES;
				CLANG_WARN_INT_CONVERSION = YES;
				CLANG_WARN_NON_LITERAL_NULL_CONVERSION = YES;
				CLANG_WARN_OBJC_IMPLICIT_RETAIN_SELF = YES;
				CLANG_WARN_OBJC_LITERAL_CONVERSION = YES;
				CLANG_WARN_OBJC_ROOT_CLASS = YES_ERROR;
				CLANG_WARN_QUOTED_INCLUDE_IN_FRAMEWORK_HEADER = YES;
				CLANG_WARN_RANGE_LOOP_ANALYSIS = YES;
				CLANG_WARN_STRICT_PROTOTYPES = YES;
				CLANG_WARN_SUSPICIOUS_MOVE = YES;
				CLANG_WARN_UNGUARDED_AVAILABILITY = YES_AGGRESSIVE;
				CLANG_WARN_UNREACHABLE_CODE = YES;
				CLANG_WARN__DUPLICATE_METHOD_MATCH = YES;
				COPY_PHASE_STRIP = NO;
				DEBUG_INFORMATION_FORMAT = dwarf;
				ENABLE_STRICT_OBJC_MSGSEND = YES;
				ENABLE_TESTABILITY = YES;
				ENABLE_USER_SCRIPT_SANDBOXING = NO;
				GCC_C_LANGUAGE_STANDARD = gnu17;
				GCC_DYNAMIC_NO_PIC = NO;
				GCC_NO_COMMON_BLOCKS = YES;
				GCC_OPTIMIZATION_LEVEL = 0;
				GCC_PREPROCESSOR_DEFINITIONS = (
					"DEBUG=1",
					"$(inherited)",
				);
				GCC_WARN_64_TO_32_BIT_CONVERSION = YES;
				GCC_WARN_ABOUT_RETURN_TYPE = YES_ERROR;
				GCC_WARN_UNDECLARED_SELECTOR = YES;
				GCC_WARN_UNINITIALIZED_AUTOS = YES_AGGRESSIVE;
				GCC_WARN_UNUSED_FUNCTION = YES;
				GCC_WARN_UNUSED_VARIABLE = YES;
				IPHONEOS_DEPLOYMENT_TARGET = 17.0;
				LOCALIZATION_PREFERS_STRING_CATALOGS = YES;
				MTL_ENABLE_DEBUG_INFO = INCLUDE_SOURCE;
				MTL_FAST_MATH = YES;
				ONLY_ACTIVE_ARCH = YES;
				SDKROOT = iphoneos;
				SWIFT_ACTIVE_COMPILATION_CONDITIONS = "DEBUG $(inherited)";
				SWIFT_OPTIMIZATION_LEVEL = "-Onone";
			};
			name = Debug;
		};
		3C17C8912B14D60E00C74788 /* Release */ = {
			isa = XCBuildConfiguration;
			buildSettings = {
				ALWAYS_SEARCH_USER_PATHS = NO;
				ASSETCATALOG_COMPILER_GENERATE_SWIFT_ASSET_SYMBOL_EXTENSIONS = YES;
				CLANG_ANALYZER_NONNULL = YES;
				CLANG_ANALYZER_NUMBER_OBJECT_CONVERSION = YES_AGGRESSIVE;
				CLANG_CXX_LANGUAGE_STANDARD = "gnu++20";
				CLANG_ENABLE_MODULES = YES;
				CLANG_ENABLE_OBJC_ARC = YES;
				CLANG_ENABLE_OBJC_WEAK = YES;
				CLANG_WARN_BLOCK_CAPTURE_AUTORELEASING = YES;
				CLANG_WARN_BOOL_CONVERSION = YES;
				CLANG_WARN_COMMA = YES;
				CLANG_WARN_CONSTANT_CONVERSION = YES;
				CLANG_WARN_DEPRECATED_OBJC_IMPLEMENTATIONS = YES;
				CLANG_WARN_DIRECT_OBJC_ISA_USAGE = YES_ERROR;
				CLANG_WARN_DOCUMENTATION_COMMENTS = YES;
				CLANG_WARN_EMPTY_BODY = YES;
				CLANG_WARN_ENUM_CONVERSION = YES;
				CLANG_WARN_INFINITE_RECURSION = YES;
				CLANG_WARN_INT_CONVERSION = YES;
				CLANG_WARN_NON_LITERAL_NULL_CONVERSION = YES;
				CLANG_WARN_OBJC_IMPLICIT_RETAIN_SELF = YES;
				CLANG_WARN_OBJC_LITERAL_CONVERSION = YES;
				CLANG_WARN_OBJC_ROOT_CLASS = YES_ERROR;
				CLANG_WARN_QUOTED_INCLUDE_IN_FRAMEWORK_HEADER = YES;
				CLANG_WARN_RANGE_LOOP_ANALYSIS = YES;
				CLANG_WARN_STRICT_PROTOTYPES = YES;
				CLANG_WARN_SUSPICIOUS_MOVE = YES;
				CLANG_WARN_UNGUARDED_AVAILABILITY = YES_AGGRESSIVE;
				CLANG_WARN_UNREACHABLE_CODE = YES;
				CLANG_WARN__DUPLICATE_METHOD_MATCH = YES;
				COPY_PHASE_STRIP = NO;
				DEBUG_INFORMATION_FORMAT = "dwarf-with-dsym";
				ENABLE_NS_ASSERTIONS = NO;
				ENABLE_STRICT_OBJC_MSGSEND = YES;
				ENABLE_USER_SCRIPT_SANDBOXING = NO;
				GCC_C_LANGUAGE_STANDARD = gnu17;
				GCC_NO_COMMON_BLOCKS = YES;
				GCC_WARN_64_TO_32_BIT_CONVERSION = YES;
				GCC_WARN_ABOUT_RETURN_TYPE = YES_ERROR;
				GCC_WARN_UNDECLARED_SELECTOR = YES;
				GCC_WARN_UNINITIALIZED_AUTOS = YES_AGGRESSIVE;
				GCC_WARN_UNUSED_FUNCTION = YES;
				GCC_WARN_UNUSED_VARIABLE = YES;
				IPHONEOS_DEPLOYMENT_TARGET = 17.0;
				LOCALIZATION_PREFERS_STRING_CATALOGS = YES;
				MTL_ENABLE_DEBUG_INFO = NO;
				MTL_FAST_MATH = YES;
				SDKROOT = iphoneos;
				SWIFT_COMPILATION_MODE = wholemodule;
				VALIDATE_PRODUCT = YES;
			};
			name = Release;
		};
		3C17C8932B14D60E00C74788 /* Debug */ = {
			isa = XCBuildConfiguration;
			baseConfigurationReference = 58730F8965586B81AFA36CED /* Pods-WeSail.debug.xcconfig */;
			buildSettings = {
				ASSETCATALOG_COMPILER_APPICON_NAME = AppIcon;
				ASSETCATALOG_COMPILER_GLOBAL_ACCENT_COLOR_NAME = AccentColor;
				CODE_SIGN_IDENTITY = "Apple Development";
				CODE_SIGN_STYLE = Automatic;
				CURRENT_PROJECT_VERSION = 1;
				DEVELOPMENT_ASSET_PATHS = "\"WeSail/SupportingFiles\"";
				DEVELOPMENT_TEAM = QZLFUD88FU;
				ENABLE_PREVIEWS = YES;
				GENERATE_INFOPLIST_FILE = YES;
				INFOPLIST_FILE = WeSail/SupportingFiles/Info.plist;
				INFOPLIST_KEY_UIApplicationSceneManifest_Generation = YES;
				INFOPLIST_KEY_UIApplicationSupportsIndirectInputEvents = YES;
				INFOPLIST_KEY_UILaunchScreen_Generation = YES;
				INFOPLIST_KEY_UISupportedInterfaceOrientations = UIInterfaceOrientationPortrait;
				IPHONEOS_DEPLOYMENT_TARGET = 17.0;
				LD_RUNPATH_SEARCH_PATHS = (
					"$(inherited)",
					"@executable_path/Frameworks",
				);
				MARKETING_VERSION = 1.0;
				PRODUCT_BUNDLE_IDENTIFIER = fr.qdtrl.WeSail;
				PRODUCT_NAME = "$(TARGET_NAME)";
				PROVISIONING_PROFILE_SPECIFIER = "";
				SUPPORTED_PLATFORMS = "iphoneos iphonesimulator";
				SUPPORTS_MACCATALYST = NO;
				SUPPORTS_MAC_DESIGNED_FOR_IPHONE_IPAD = NO;
				SWIFT_EMIT_LOC_STRINGS = YES;
				SWIFT_VERSION = 5.0;
				TARGETED_DEVICE_FAMILY = "1,2";
			};
			name = Debug;
		};
		3C17C8942B14D60E00C74788 /* Release */ = {
			isa = XCBuildConfiguration;
			baseConfigurationReference = DB13BD6B0AD9BFF1C8D81E13 /* Pods-WeSail.release.xcconfig */;
			buildSettings = {
				ASSETCATALOG_COMPILER_APPICON_NAME = AppIcon;
				ASSETCATALOG_COMPILER_GLOBAL_ACCENT_COLOR_NAME = AccentColor;
				CODE_SIGN_IDENTITY = "Apple Development";
				CODE_SIGN_STYLE = Automatic;
				CURRENT_PROJECT_VERSION = 1;
				DEVELOPMENT_ASSET_PATHS = "\"WeSail/SupportingFiles\"";
				DEVELOPMENT_TEAM = QZLFUD88FU;
				ENABLE_PREVIEWS = YES;
				GENERATE_INFOPLIST_FILE = YES;
				INFOPLIST_FILE = WeSail/SupportingFiles/Info.plist;
				INFOPLIST_KEY_UIApplicationSceneManifest_Generation = YES;
				INFOPLIST_KEY_UIApplicationSupportsIndirectInputEvents = YES;
				INFOPLIST_KEY_UILaunchScreen_Generation = YES;
				INFOPLIST_KEY_UISupportedInterfaceOrientations = UIInterfaceOrientationPortrait;
				IPHONEOS_DEPLOYMENT_TARGET = 17.0;
				LD_RUNPATH_SEARCH_PATHS = (
					"$(inherited)",
					"@executable_path/Frameworks",
				);
				MARKETING_VERSION = 1.0;
				PRODUCT_BUNDLE_IDENTIFIER = fr.qdtrl.WeSail;
				PRODUCT_NAME = "$(TARGET_NAME)";
				PROVISIONING_PROFILE_SPECIFIER = "";
				SUPPORTED_PLATFORMS = "iphoneos iphonesimulator";
				SUPPORTS_MACCATALYST = NO;
				SUPPORTS_MAC_DESIGNED_FOR_IPHONE_IPAD = NO;
				SWIFT_EMIT_LOC_STRINGS = YES;
				SWIFT_VERSION = 5.0;
				TARGETED_DEVICE_FAMILY = "1,2";
			};
			name = Release;
		};
		3C17C8962B14D60E00C74788 /* Debug */ = {
			isa = XCBuildConfiguration;
			baseConfigurationReference = 2387EA2BC58C34E4A74F3818 /* Pods-WeSailTests.debug.xcconfig */;
			buildSettings = {
				BUNDLE_LOADER = "$(TEST_HOST)";
				CODE_SIGN_STYLE = Automatic;
				CURRENT_PROJECT_VERSION = 1;
				GENERATE_INFOPLIST_FILE = YES;
				IPHONEOS_DEPLOYMENT_TARGET = 17.0;
				MARKETING_VERSION = 1.0;
				PRODUCT_BUNDLE_IDENTIFIER = fr.qdtrl.WeSailTests;
				PRODUCT_NAME = "$(TARGET_NAME)";
				SUPPORTED_PLATFORMS = "iphoneos iphonesimulator";
				SUPPORTS_MACCATALYST = NO;
				SUPPORTS_MAC_DESIGNED_FOR_IPHONE_IPAD = NO;
				SWIFT_EMIT_LOC_STRINGS = NO;
				SWIFT_VERSION = 5.0;
				TARGETED_DEVICE_FAMILY = "1,2";
				TEST_HOST = "$(BUILT_PRODUCTS_DIR)/WeSail.app/$(BUNDLE_EXECUTABLE_FOLDER_PATH)/WeSail";
			};
			name = Debug;
		};
		3C17C8972B14D60E00C74788 /* Release */ = {
			isa = XCBuildConfiguration;
			baseConfigurationReference = FF508270DC75A48ED220A84F /* Pods-WeSailTests.release.xcconfig */;
			buildSettings = {
				BUNDLE_LOADER = "$(TEST_HOST)";
				CODE_SIGN_STYLE = Automatic;
				CURRENT_PROJECT_VERSION = 1;
				GENERATE_INFOPLIST_FILE = YES;
				IPHONEOS_DEPLOYMENT_TARGET = 17.0;
				MARKETING_VERSION = 1.0;
				PRODUCT_BUNDLE_IDENTIFIER = fr.qdtrl.WeSailTests;
				PRODUCT_NAME = "$(TARGET_NAME)";
				SUPPORTED_PLATFORMS = "iphoneos iphonesimulator";
				SUPPORTS_MACCATALYST = NO;
				SUPPORTS_MAC_DESIGNED_FOR_IPHONE_IPAD = NO;
				SWIFT_EMIT_LOC_STRINGS = NO;
				SWIFT_VERSION = 5.0;
				TARGETED_DEVICE_FAMILY = "1,2";
				TEST_HOST = "$(BUILT_PRODUCTS_DIR)/WeSail.app/$(BUNDLE_EXECUTABLE_FOLDER_PATH)/WeSail";
			};
			name = Release;
		};
		3C17C8992B14D60E00C74788 /* Debug */ = {
			isa = XCBuildConfiguration;
			baseConfigurationReference = 2260121AEE9BF01A978BD7C3 /* Pods-WeSail-WeSailUITests.debug.xcconfig */;
			buildSettings = {
				CODE_SIGN_STYLE = Automatic;
				CURRENT_PROJECT_VERSION = 1;
				GENERATE_INFOPLIST_FILE = YES;
				MARKETING_VERSION = 1.0;
				PRODUCT_BUNDLE_IDENTIFIER = fr.qdtrl.WeSailUITests;
				PRODUCT_NAME = "$(TARGET_NAME)";
				SUPPORTED_PLATFORMS = "iphoneos iphonesimulator";
				SUPPORTS_MACCATALYST = NO;
				SUPPORTS_MAC_DESIGNED_FOR_IPHONE_IPAD = NO;
				SWIFT_EMIT_LOC_STRINGS = NO;
				SWIFT_VERSION = 5.0;
				TARGETED_DEVICE_FAMILY = "1,2";
				TEST_TARGET_NAME = WeSail;
			};
			name = Debug;
		};
		3C17C89A2B14D60E00C74788 /* Release */ = {
			isa = XCBuildConfiguration;
			baseConfigurationReference = 2452754E36E330B54FB0BDD3 /* Pods-WeSail-WeSailUITests.release.xcconfig */;
			buildSettings = {
				CODE_SIGN_STYLE = Automatic;
				CURRENT_PROJECT_VERSION = 1;
				GENERATE_INFOPLIST_FILE = YES;
				MARKETING_VERSION = 1.0;
				PRODUCT_BUNDLE_IDENTIFIER = fr.qdtrl.WeSailUITests;
				PRODUCT_NAME = "$(TARGET_NAME)";
				SUPPORTED_PLATFORMS = "iphoneos iphonesimulator";
				SUPPORTS_MACCATALYST = NO;
				SUPPORTS_MAC_DESIGNED_FOR_IPHONE_IPAD = NO;
				SWIFT_EMIT_LOC_STRINGS = NO;
				SWIFT_VERSION = 5.0;
				TARGETED_DEVICE_FAMILY = "1,2";
				TEST_TARGET_NAME = WeSail;
			};
			name = Release;
		};
/* End XCBuildConfiguration section */

/* Begin XCConfigurationList section */
		3C17C8692B14D60B00C74788 /* Build configuration list for PBXProject "WeSail" */ = {
			isa = XCConfigurationList;
			buildConfigurations = (
				3C17C8902B14D60E00C74788 /* Debug */,
				3C17C8912B14D60E00C74788 /* Release */,
			);
			defaultConfigurationIsVisible = 0;
			defaultConfigurationName = Release;
		};
		3C17C8922B14D60E00C74788 /* Build configuration list for PBXNativeTarget "WeSail" */ = {
			isa = XCConfigurationList;
			buildConfigurations = (
				3C17C8932B14D60E00C74788 /* Debug */,
				3C17C8942B14D60E00C74788 /* Release */,
			);
			defaultConfigurationIsVisible = 0;
			defaultConfigurationName = Release;
		};
		3C17C8952B14D60E00C74788 /* Build configuration list for PBXNativeTarget "WeSailTests" */ = {
			isa = XCConfigurationList;
			buildConfigurations = (
				3C17C8962B14D60E00C74788 /* Debug */,
				3C17C8972B14D60E00C74788 /* Release */,
			);
			defaultConfigurationIsVisible = 0;
			defaultConfigurationName = Release;
		};
		3C17C8982B14D60E00C74788 /* Build configuration list for PBXNativeTarget "WeSailUITests" */ = {
			isa = XCConfigurationList;
			buildConfigurations = (
				3C17C8992B14D60E00C74788 /* Debug */,
				3C17C89A2B14D60E00C74788 /* Release */,
			);
			defaultConfigurationIsVisible = 0;
			defaultConfigurationName = Release;
		};
/* End XCConfigurationList section */
	};
	rootObject = 3C17C8662B14D60B00C74788 /* Project object */;
}
