// !$*UTF8*$!
{
	archiveVersion = 1;
	classes = {
	};
	objectVersion = 56;
	objects = {

/* Begin PBXBuildFile section */
		3C0D68B92B768D3C008044AE /* ConversationRepository.swift in Sources */ = {isa = PBXBuildFile; fileRef = 3C0D68B82B768D3C008044AE /* ConversationRepository.swift */; };
		3C17C8722B14D60B00C74788 /* WeSailApp.swift in Sources */ = {isa = PBXBuildFile; fileRef = 3C17C8712B14D60B00C74788 /* WeSailApp.swift */; };
		3C17C8742B14D60B00C74788 /* ContentView.swift in Sources */ = {isa = PBXBuildFile; fileRef = 3C17C8732B14D60B00C74788 /* ContentView.swift */; };
		3C17C8762B14D60D00C74788 /* Assets.xcassets in Resources */ = {isa = PBXBuildFile; fileRef = 3C17C8752B14D60D00C74788 /* Assets.xcassets */; };
		3C17C8792B14D60D00C74788 /* Preview Assets.xcassets in Resources */ = {isa = PBXBuildFile; fileRef = 3C17C8782B14D60D00C74788 /* Preview Assets.xcassets */; };
		3C17C89C2B14D72B00C74788 /* MessageView.swift in Sources */ = {isa = PBXBuildFile; fileRef = 3C17C89B2B14D72B00C74788 /* MessageView.swift */; };
		3C17C89F2B14DAEE00C74788 /* ConversationView.swift in Sources */ = {isa = PBXBuildFile; fileRef = 3C17C89E2B14DAEE00C74788 /* ConversationView.swift */; };
		3C17C8A22B14DB3F00C74788 /* Message.swift in Sources */ = {isa = PBXBuildFile; fileRef = 3C17C8A12B14DB3F00C74788 /* Message.swift */; };
		3C17C8A62B14E3A900C74788 /* Conversation.swift in Sources */ = {isa = PBXBuildFile; fileRef = 3C17C8A52B14E3A900C74788 /* Conversation.swift */; };
		3C17C8A82B14E5FB00C74788 /* LoginView.swift in Sources */ = {isa = PBXBuildFile; fileRef = 3C17C8A72B14E5FB00C74788 /* LoginView.swift */; };
		3C17C8B02B14EC2400C74788 /* AuthService.swift in Sources */ = {isa = PBXBuildFile; fileRef = 3C17C8AF2B14EC2400C74788 /* AuthService.swift */; };
		3C17C8B22B14F15700C74788 /* User.swift in Sources */ = {isa = PBXBuildFile; fileRef = 3C17C8B12B14F15700C74788 /* User.swift */; };
		3C17C8B42B14F44800C74788 /* GoogleService-Info.plist in Resources */ = {isa = PBXBuildFile; fileRef = 3C17C8B32B14F44800C74788 /* GoogleService-Info.plist */; };
		3C2957C22B7D43BE00BBDD4F /* BoatsListView.swift in Sources */ = {isa = PBXBuildFile; fileRef = 3C2957C12B7D43BE00BBDD4F /* BoatsListView.swift */; };
		3C2957C82B7FE8B900BBDD4F /* EventRowView.swift in Sources */ = {isa = PBXBuildFile; fileRef = 3C2957C72B7FE8B900BBDD4F /* EventRowView.swift */; };
		3C46FBBE2B152A78003B0884 /* ProfileView.swift in Sources */ = {isa = PBXBuildFile; fileRef = 3C46FBBD2B152A78003B0884 /* ProfileView.swift */; };
		3C46FBC02B152BAF003B0884 /* BoatsView.swift in Sources */ = {isa = PBXBuildFile; fileRef = 3C46FBBF2B152BAE003B0884 /* BoatsView.swift */; };
		3C524A832B1B72A5000B1667 /* FeedsView.swift in Sources */ = {isa = PBXBuildFile; fileRef = 3C524A822B1B72A5000B1667 /* FeedsView.swift */; };
		3C524A852B1B72CA000B1667 /* PicturesView.swift in Sources */ = {isa = PBXBuildFile; fileRef = 3C524A842B1B72CA000B1667 /* PicturesView.swift */; };
		3C524A872B1B7CEA000B1667 /* BoatsViewModel.swift in Sources */ = {isa = PBXBuildFile; fileRef = 3C524A862B1B7CEA000B1667 /* BoatsViewModel.swift */; };
		3C524A892B1B7D30000B1667 /* Boat.swift in Sources */ = {isa = PBXBuildFile; fileRef = 3C524A882B1B7D30000B1667 /* Boat.swift */; };
		3C524A8B2B1B8021000B1667 /* Event.swift in Sources */ = {isa = PBXBuildFile; fileRef = 3C524A8A2B1B8021000B1667 /* Event.swift */; };
		3C524A8D2B1B8207000B1667 /* BoatView.swift in Sources */ = {isa = PBXBuildFile; fileRef = 3C524A8C2B1B8207000B1667 /* BoatView.swift */; };
		3C524A8F2B1B92D2000B1667 /* CrewView.swift in Sources */ = {isa = PBXBuildFile; fileRef = 3C524A8E2B1B92D2000B1667 /* CrewView.swift */; };
		3C524A912B1B9A3E000B1667 /* FeedsViewModel.swift in Sources */ = {isa = PBXBuildFile; fileRef = 3C524A902B1B9A3E000B1667 /* FeedsViewModel.swift */; };
		3C524A932B1B9FFB000B1667 /* EventView.swift in Sources */ = {isa = PBXBuildFile; fileRef = 3C524A922B1B9FFB000B1667 /* EventView.swift */; };
		3C701FF12B336C610066721B /* InputView.swift in Sources */ = {isa = PBXBuildFile; fileRef = 3C701FF02B336C610066721B /* InputView.swift */; };
		3C701FF32B336FD80066721B /* RegisterView.swift in Sources */ = {isa = PBXBuildFile; fileRef = 3C701FF22B336FD80066721B /* RegisterView.swift */; };
		3C701FF52B3373790066721B /* ProfileParametersView.swift in Sources */ = {isa = PBXBuildFile; fileRef = 3C701FF42B3373790066721B /* ProfileParametersView.swift */; };
		3C701FF72B33745B0066721B /* SettingsRowView.swift in Sources */ = {isa = PBXBuildFile; fileRef = 3C701FF62B33745B0066721B /* SettingsRowView.swift */; };
		3CA01FF12B61938E00A1B908 /* CreateBoatView.swift in Sources */ = {isa = PBXBuildFile; fileRef = 3CA01FF02B61938E00A1B908 /* CreateBoatView.swift */; };
		3CA275DD2B3585D400C532FD /* FirebaseAnalytics in Frameworks */ = {isa = PBXBuildFile; productRef = 3CA275DC2B3585D400C532FD /* FirebaseAnalytics */; };
		3CA275DF2B3585D400C532FD /* FirebaseAuth in Frameworks */ = {isa = PBXBuildFile; productRef = 3CA275DE2B3585D400C532FD /* FirebaseAuth */; };
		3CA275E12B3585D400C532FD /* FirebaseFirestore in Frameworks */ = {isa = PBXBuildFile; productRef = 3CA275E02B3585D400C532FD /* FirebaseFirestore */; };
		3CA275E32B3585D400C532FD /* FirebaseFirestoreSwift in Frameworks */ = {isa = PBXBuildFile; productRef = 3CA275E22B3585D400C532FD /* FirebaseFirestoreSwift */; };
		3CA275E52B3585D400C532FD /* FirebaseStorage in Frameworks */ = {isa = PBXBuildFile; productRef = 3CA275E42B3585D400C532FD /* FirebaseStorage */; };
		3CBA30492B27800400AA19FE /* BoatsViewTests.swift in Sources */ = {isa = PBXBuildFile; fileRef = 3CBA30482B27800400AA19FE /* BoatsViewTests.swift */; };
		3CBA304C2B27862700AA19FE /* EventsViewTests.swift in Sources */ = {isa = PBXBuildFile; fileRef = 3CBA304B2B27862700AA19FE /* EventsViewTests.swift */; };
		3CBA304E2B27994E00AA19FE /* DateExtensionTests.swift in Sources */ = {isa = PBXBuildFile; fileRef = 3CBA304D2B27994E00AA19FE /* DateExtensionTests.swift */; };
		3CBA30512B27B0D100AA19FE /* ProfileViewTests.swift in Sources */ = {isa = PBXBuildFile; fileRef = 3CBA30502B27B0D100AA19FE /* ProfileViewTests.swift */; };
		3CBA30542B27B46600AA19FE /* ChatsViewTests.swift in Sources */ = {isa = PBXBuildFile; fileRef = 3CBA30532B27B46600AA19FE /* ChatsViewTests.swift */; };
		3CBA30562B27C07500AA19FE /* ChatsModelTests.swift in Sources */ = {isa = PBXBuildFile; fileRef = 3CBA30552B27C07500AA19FE /* ChatsModelTests.swift */; };
		3CBF91B52B554643001650ED /* RouterView.swift in Sources */ = {isa = PBXBuildFile; fileRef = 3CBF91B42B554643001650ED /* RouterView.swift */; };
		3CC041BF2B7911C400ABDE55 /* UpdateBoatView.swift in Sources */ = {isa = PBXBuildFile; fileRef = 3CC041BE2B7911C400ABDE55 /* UpdateBoatView.swift */; };
		3CC041C12B79126200ABDE55 /* EventsListView.swift in Sources */ = {isa = PBXBuildFile; fileRef = 3CC041C02B79126200ABDE55 /* EventsListView.swift */; };
		3CC041C32B7A740100ABDE55 /* UserImageView.swift in Sources */ = {isa = PBXBuildFile; fileRef = 3CC041C22B7A740100ABDE55 /* UserImageView.swift */; };
		3CC041C52B7A7AE900ABDE55 /* MenuBoatView.swift in Sources */ = {isa = PBXBuildFile; fileRef = 3CC041C42B7A7AE900ABDE55 /* MenuBoatView.swift */; };
		3CC041C72B7A7D8B00ABDE55 /* UpdateCrewBoatView.swift in Sources */ = {isa = PBXBuildFile; fileRef = 3CC041C62B7A7D8B00ABDE55 /* UpdateCrewBoatView.swift */; };
		3CC549AB2B3ECB6800C48919 /* FirebaseAnalyticsSwift in Frameworks */ = {isa = PBXBuildFile; productRef = 3CC549AA2B3ECB6800C48919 /* FirebaseAnalyticsSwift */; };
		3CC549AD2B3ECE7300C48919 /* UserViewModel.swift in Sources */ = {isa = PBXBuildFile; fileRef = 3CC549AC2B3ECE7300C48919 /* UserViewModel.swift */; };
		3CC549B32B3ED88A00C48919 /* BoatRepository.swift in Sources */ = {isa = PBXBuildFile; fileRef = 3CC549B22B3ED88A00C48919 /* BoatRepository.swift */; };
		3CC549B52B4028E100C48919 /* EventRepository.swift in Sources */ = {isa = PBXBuildFile; fileRef = 3CC549B42B4028E100C48919 /* EventRepository.swift */; };
		3CC549B72B4029A200C48919 /* UserRepository.swift in Sources */ = {isa = PBXBuildFile; fileRef = 3CC549B62B4029A200C48919 /* UserRepository.swift */; };
		3CC549BF2B4032EA00C48919 /* Query.swift in Sources */ = {isa = PBXBuildFile; fileRef = 3CC549BE2B4032EA00C48919 /* Query.swift */; };
		3CEBE2842B1A307600EA59D5 /* ConversationsView.swift in Sources */ = {isa = PBXBuildFile; fileRef = 3CEBE2832B1A307600EA59D5 /* ConversationsView.swift */; };
		3CEBE2862B1A330100EA59D5 /* ConversationsViewModel.swift in Sources */ = {isa = PBXBuildFile; fileRef = 3CEBE2852B1A330100EA59D5 /* ConversationsViewModel.swift */; };
		3CEBE2892B1A426600EA59D5 /* Date.swift in Sources */ = {isa = PBXBuildFile; fileRef = 3CEBE2882B1A426600EA59D5 /* Date.swift */; };
		3CFA98052B1F0F72005FBBCA /* Race.swift in Sources */ = {isa = PBXBuildFile; fileRef = 3CFA98042B1F0F72005FBBCA /* Race.swift */; };
		3CFA98072B1F547C005FBBCA /* RacesViewModel.swift in Sources */ = {isa = PBXBuildFile; fileRef = 3CFA98062B1F547C005FBBCA /* RacesViewModel.swift */; };
/* End PBXBuildFile section */

/* Begin PBXContainerItemProxy section */
		3C17C87F2B14D60D00C74788 /* PBXContainerItemProxy */ = {
			isa = PBXContainerItemProxy;
			containerPortal = 3C17C8662B14D60B00C74788 /* Project object */;
			proxyType = 1;
			remoteGlobalIDString = 3C17C86D2B14D60B00C74788;
			remoteInfo = WeSail;
		};
		3C17C8892B14D60E00C74788 /* PBXContainerItemProxy */ = {
			isa = PBXContainerItemProxy;
			containerPortal = 3C17C8662B14D60B00C74788 /* Project object */;
			proxyType = 1;
			remoteGlobalIDString = 3C17C86D2B14D60B00C74788;
			remoteInfo = WeSail;
		};
/* End PBXContainerItemProxy section */

/* Begin PBXFileReference section */
		3C0D68B82B768D3C008044AE /* ConversationRepository.swift */ = {isa = PBXFileReference; lastKnownFileType = sourcecode.swift; path = ConversationRepository.swift; sourceTree = "<group>"; };
		3C17C86E2B14D60B00C74788 /* WeSail.app */ = {isa = PBXFileReference; explicitFileType = wrapper.application; includeInIndex = 0; path = WeSail.app; sourceTree = BUILT_PRODUCTS_DIR; };
		3C17C8712B14D60B00C74788 /* WeSailApp.swift */ = {isa = PBXFileReference; lastKnownFileType = sourcecode.swift; path = WeSailApp.swift; sourceTree = "<group>"; };
		3C17C8732B14D60B00C74788 /* ContentView.swift */ = {isa = PBXFileReference; lastKnownFileType = sourcecode.swift; path = ContentView.swift; sourceTree = "<group>"; };
		3C17C8752B14D60D00C74788 /* Assets.xcassets */ = {isa = PBXFileReference; lastKnownFileType = folder.assetcatalog; path = Assets.xcassets; sourceTree = "<group>"; };
		3C17C8782B14D60D00C74788 /* Preview Assets.xcassets */ = {isa = PBXFileReference; lastKnownFileType = folder.assetcatalog; path = "Preview Assets.xcassets"; sourceTree = "<group>"; };
		3C17C87E2B14D60D00C74788 /* WeSailTests.xctest */ = {isa = PBXFileReference; explicitFileType = wrapper.cfbundle; includeInIndex = 0; path = WeSailTests.xctest; sourceTree = BUILT_PRODUCTS_DIR; };
		3C17C8882B14D60D00C74788 /* WeSailUITests.xctest */ = {isa = PBXFileReference; explicitFileType = wrapper.cfbundle; includeInIndex = 0; path = WeSailUITests.xctest; sourceTree = BUILT_PRODUCTS_DIR; };
		3C17C89B2B14D72B00C74788 /* MessageView.swift */ = {isa = PBXFileReference; lastKnownFileType = sourcecode.swift; path = MessageView.swift; sourceTree = "<group>"; };
		3C17C89E2B14DAEE00C74788 /* ConversationView.swift */ = {isa = PBXFileReference; lastKnownFileType = sourcecode.swift; path = ConversationView.swift; sourceTree = "<group>"; };
		3C17C8A12B14DB3F00C74788 /* Message.swift */ = {isa = PBXFileReference; lastKnownFileType = sourcecode.swift; path = Message.swift; sourceTree = "<group>"; };
		3C17C8A52B14E3A900C74788 /* Conversation.swift */ = {isa = PBXFileReference; lastKnownFileType = sourcecode.swift; path = Conversation.swift; sourceTree = "<group>"; };
		3C17C8A72B14E5FB00C74788 /* LoginView.swift */ = {isa = PBXFileReference; lastKnownFileType = sourcecode.swift; path = LoginView.swift; sourceTree = "<group>"; };
		3C17C8AF2B14EC2400C74788 /* AuthService.swift */ = {isa = PBXFileReference; lastKnownFileType = sourcecode.swift; path = AuthService.swift; sourceTree = "<group>"; };
		3C17C8B12B14F15700C74788 /* User.swift */ = {isa = PBXFileReference; lastKnownFileType = sourcecode.swift; path = User.swift; sourceTree = "<group>"; };
		3C17C8B32B14F44800C74788 /* GoogleService-Info.plist */ = {isa = PBXFileReference; fileEncoding = 4; lastKnownFileType = text.plist.xml; path = "GoogleService-Info.plist"; sourceTree = "<group>"; };
		3C17C8B52B14F5C300C74788 /* Info.plist */ = {isa = PBXFileReference; lastKnownFileType = text.plist.xml; path = Info.plist; sourceTree = "<group>"; };
		3C17C8B62B14F83B00C74788 /* Config.xcconfig */ = {isa = PBXFileReference; lastKnownFileType = text.xcconfig; path = Config.xcconfig; sourceTree = "<group>"; };
		3C2957C12B7D43BE00BBDD4F /* BoatsListView.swift */ = {isa = PBXFileReference; lastKnownFileType = sourcecode.swift; path = BoatsListView.swift; sourceTree = "<group>"; };
		3C2957C72B7FE8B900BBDD4F /* EventRowView.swift */ = {isa = PBXFileReference; lastKnownFileType = sourcecode.swift; path = EventRowView.swift; sourceTree = "<group>"; };
		3C46FBBD2B152A78003B0884 /* ProfileView.swift */ = {isa = PBXFileReference; lastKnownFileType = sourcecode.swift; path = ProfileView.swift; sourceTree = "<group>"; };
		3C46FBBF2B152BAE003B0884 /* BoatsView.swift */ = {isa = PBXFileReference; lastKnownFileType = sourcecode.swift; path = BoatsView.swift; sourceTree = "<group>"; };
		3C524A822B1B72A5000B1667 /* FeedsView.swift */ = {isa = PBXFileReference; lastKnownFileType = sourcecode.swift; path = FeedsView.swift; sourceTree = "<group>"; };
		3C524A842B1B72CA000B1667 /* PicturesView.swift */ = {isa = PBXFileReference; lastKnownFileType = sourcecode.swift; path = PicturesView.swift; sourceTree = "<group>"; };
		3C524A862B1B7CEA000B1667 /* BoatsViewModel.swift */ = {isa = PBXFileReference; lastKnownFileType = sourcecode.swift; path = BoatsViewModel.swift; sourceTree = "<group>"; };
		3C524A882B1B7D30000B1667 /* Boat.swift */ = {isa = PBXFileReference; lastKnownFileType = sourcecode.swift; path = Boat.swift; sourceTree = "<group>"; };
		3C524A8A2B1B8021000B1667 /* Event.swift */ = {isa = PBXFileReference; lastKnownFileType = sourcecode.swift; path = Event.swift; sourceTree = "<group>"; };
		3C524A8C2B1B8207000B1667 /* BoatView.swift */ = {isa = PBXFileReference; lastKnownFileType = sourcecode.swift; path = BoatView.swift; sourceTree = "<group>"; };
		3C524A8E2B1B92D2000B1667 /* CrewView.swift */ = {isa = PBXFileReference; lastKnownFileType = sourcecode.swift; path = CrewView.swift; sourceTree = "<group>"; };
		3C524A902B1B9A3E000B1667 /* FeedsViewModel.swift */ = {isa = PBXFileReference; lastKnownFileType = sourcecode.swift; path = FeedsViewModel.swift; sourceTree = "<group>"; };
		3C524A922B1B9FFB000B1667 /* EventView.swift */ = {isa = PBXFileReference; lastKnownFileType = sourcecode.swift; path = EventView.swift; sourceTree = "<group>"; };
		3C701FF02B336C610066721B /* InputView.swift */ = {isa = PBXFileReference; lastKnownFileType = sourcecode.swift; path = InputView.swift; sourceTree = "<group>"; };
		3C701FF22B336FD80066721B /* RegisterView.swift */ = {isa = PBXFileReference; lastKnownFileType = sourcecode.swift; path = RegisterView.swift; sourceTree = "<group>"; };
		3C701FF42B3373790066721B /* ProfileParametersView.swift */ = {isa = PBXFileReference; lastKnownFileType = sourcecode.swift; path = ProfileParametersView.swift; sourceTree = "<group>"; };
		3C701FF62B33745B0066721B /* SettingsRowView.swift */ = {isa = PBXFileReference; lastKnownFileType = sourcecode.swift; path = SettingsRowView.swift; sourceTree = "<group>"; };
		3CA01FF02B61938E00A1B908 /* CreateBoatView.swift */ = {isa = PBXFileReference; lastKnownFileType = sourcecode.swift; path = CreateBoatView.swift; sourceTree = "<group>"; };
		3CBA30482B27800400AA19FE /* BoatsViewTests.swift */ = {isa = PBXFileReference; lastKnownFileType = sourcecode.swift; path = BoatsViewTests.swift; sourceTree = "<group>"; };
		3CBA304B2B27862700AA19FE /* EventsViewTests.swift */ = {isa = PBXFileReference; lastKnownFileType = sourcecode.swift; path = EventsViewTests.swift; sourceTree = "<group>"; };
		3CBA304D2B27994E00AA19FE /* DateExtensionTests.swift */ = {isa = PBXFileReference; lastKnownFileType = sourcecode.swift; path = DateExtensionTests.swift; sourceTree = "<group>"; };
		3CBA30502B27B0D100AA19FE /* ProfileViewTests.swift */ = {isa = PBXFileReference; lastKnownFileType = sourcecode.swift; path = ProfileViewTests.swift; sourceTree = "<group>"; };
		3CBA30532B27B46600AA19FE /* ChatsViewTests.swift */ = {isa = PBXFileReference; lastKnownFileType = sourcecode.swift; path = ChatsViewTests.swift; sourceTree = "<group>"; };
		3CBA30552B27C07500AA19FE /* ChatsModelTests.swift */ = {isa = PBXFileReference; lastKnownFileType = sourcecode.swift; path = ChatsModelTests.swift; sourceTree = "<group>"; };
		3CBF91B42B554643001650ED /* RouterView.swift */ = {isa = PBXFileReference; lastKnownFileType = sourcecode.swift; path = RouterView.swift; sourceTree = "<group>"; };
		3CC041BE2B7911C400ABDE55 /* UpdateBoatView.swift */ = {isa = PBXFileReference; lastKnownFileType = sourcecode.swift; path = UpdateBoatView.swift; sourceTree = "<group>"; };
		3CC041C02B79126200ABDE55 /* EventsListView.swift */ = {isa = PBXFileReference; lastKnownFileType = sourcecode.swift; path = EventsListView.swift; sourceTree = "<group>"; };
		3CC041C22B7A740100ABDE55 /* UserImageView.swift */ = {isa = PBXFileReference; lastKnownFileType = sourcecode.swift; path = UserImageView.swift; sourceTree = "<group>"; };
		3CC041C42B7A7AE900ABDE55 /* MenuBoatView.swift */ = {isa = PBXFileReference; lastKnownFileType = sourcecode.swift; path = MenuBoatView.swift; sourceTree = "<group>"; };
		3CC041C62B7A7D8B00ABDE55 /* UpdateCrewBoatView.swift */ = {isa = PBXFileReference; lastKnownFileType = sourcecode.swift; path = UpdateCrewBoatView.swift; sourceTree = "<group>"; };
		3CC549AC2B3ECE7300C48919 /* UserViewModel.swift */ = {isa = PBXFileReference; lastKnownFileType = sourcecode.swift; path = UserViewModel.swift; sourceTree = "<group>"; };
		3CC549B22B3ED88A00C48919 /* BoatRepository.swift */ = {isa = PBXFileReference; lastKnownFileType = sourcecode.swift; path = BoatRepository.swift; sourceTree = "<group>"; };
		3CC549B42B4028E100C48919 /* EventRepository.swift */ = {isa = PBXFileReference; lastKnownFileType = sourcecode.swift; path = EventRepository.swift; sourceTree = "<group>"; };
		3CC549B62B4029A200C48919 /* UserRepository.swift */ = {isa = PBXFileReference; lastKnownFileType = sourcecode.swift; path = UserRepository.swift; sourceTree = "<group>"; };
		3CC549BE2B4032EA00C48919 /* Query.swift */ = {isa = PBXFileReference; lastKnownFileType = sourcecode.swift; path = Query.swift; sourceTree = "<group>"; };
		3CEBE2832B1A307600EA59D5 /* ConversationsView.swift */ = {isa = PBXFileReference; lastKnownFileType = sourcecode.swift; path = ConversationsView.swift; sourceTree = "<group>"; };
		3CEBE2852B1A330100EA59D5 /* ConversationsViewModel.swift */ = {isa = PBXFileReference; lastKnownFileType = sourcecode.swift; path = ConversationsViewModel.swift; sourceTree = "<group>"; };
		3CEBE2882B1A426600EA59D5 /* Date.swift */ = {isa = PBXFileReference; lastKnownFileType = sourcecode.swift; path = Date.swift; sourceTree = "<group>"; };
		3CFA98042B1F0F72005FBBCA /* Race.swift */ = {isa = PBXFileReference; lastKnownFileType = sourcecode.swift; path = Race.swift; sourceTree = "<group>"; };
		3CFA98062B1F547C005FBBCA /* RacesViewModel.swift */ = {isa = PBXFileReference; lastKnownFileType = sourcecode.swift; path = RacesViewModel.swift; sourceTree = "<group>"; };
/* End PBXFileReference section */

/* Begin PBXFrameworksBuildPhase section */
		3C17C86B2B14D60B00C74788 /* Frameworks */ = {
			isa = PBXFrameworksBuildPhase;
			buildActionMask = 2147483647;
			files = (
				3CC549AB2B3ECB6800C48919 /* FirebaseAnalyticsSwift in Frameworks */,
				3CA275DD2B3585D400C532FD /* FirebaseAnalytics in Frameworks */,
				3CA275DF2B3585D400C532FD /* FirebaseAuth in Frameworks */,
				3CA275E12B3585D400C532FD /* FirebaseFirestore in Frameworks */,
				3CA275E52B3585D400C532FD /* FirebaseStorage in Frameworks */,
				3CA275E32B3585D400C532FD /* FirebaseFirestoreSwift in Frameworks */,
			);
			runOnlyForDeploymentPostprocessing = 0;
		};
		3C17C87B2B14D60D00C74788 /* Frameworks */ = {
			isa = PBXFrameworksBuildPhase;
			buildActionMask = 2147483647;
			files = (
			);
			runOnlyForDeploymentPostprocessing = 0;
		};
		3C17C8852B14D60D00C74788 /* Frameworks */ = {
			isa = PBXFrameworksBuildPhase;
			buildActionMask = 2147483647;
			files = (
			);
			runOnlyForDeploymentPostprocessing = 0;
		};
/* End PBXFrameworksBuildPhase section */

/* Begin PBXGroup section */
		3C17C8652B14D60B00C74788 = {
			isa = PBXGroup;
			children = (
				3C17C8702B14D60B00C74788 /* WeSail */,
				3C17C8812B14D60D00C74788 /* WeSailTests */,
				3C17C88B2B14D60E00C74788 /* WeSailUITests */,
				3C17C86F2B14D60B00C74788 /* Products */,
				3CC549A92B3ECB6800C48919 /* Frameworks */,
			);
			sourceTree = "<group>";
		};
		3C17C86F2B14D60B00C74788 /* Products */ = {
			isa = PBXGroup;
			children = (
				3C17C86E2B14D60B00C74788 /* WeSail.app */,
				3C17C87E2B14D60D00C74788 /* WeSailTests.xctest */,
				3C17C8882B14D60D00C74788 /* WeSailUITests.xctest */,
			);
			name = Products;
			sourceTree = "<group>";
		};
		3C17C8702B14D60B00C74788 /* WeSail */ = {
			isa = PBXGroup;
			children = (
				3CA275E62B3590BF00C532FD /* App */,
				3CC549AE2B3ECE7800C48919 /* Models */,
				3CC549B12B3ED86B00C48919 /* Repositories */,
				3CBF91B02B553F3D001650ED /* Services */,
				3CBF91B12B5544C6001650ED /* Navigation */,
				3C701FEF2B336C330066721B /* Components */,
				3CEBE2872B1A425400EA59D5 /* Extensions */,
				3C17C8A92B14E70500C74788 /* SupportingFiles */,
			);
			path = WeSail;
			sourceTree = "<group>";
		};
		3C17C8812B14D60D00C74788 /* WeSailTests */ = {
			isa = PBXGroup;
			children = (
				3CBA304D2B27994E00AA19FE /* DateExtensionTests.swift */,
				3CBA30552B27C07500AA19FE /* ChatsModelTests.swift */,
			);
			path = WeSailTests;
			sourceTree = "<group>";
		};
		3C17C88B2B14D60E00C74788 /* WeSailUITests */ = {
			isa = PBXGroup;
			children = (
				3CBA30522B27B44A00AA19FE /* Chats */,
				3CBA304F2B27B0B700AA19FE /* Profile */,
				3CBA304A2B27861200AA19FE /* Feed */,
				3CBA30432B27640F00AA19FE /* Boats */,
			);
			path = WeSailUITests;
			sourceTree = "<group>";
		};
		3C17C8A92B14E70500C74788 /* SupportingFiles */ = {
			isa = PBXGroup;
			children = (
				3C17C8782B14D60D00C74788 /* Preview Assets.xcassets */,
				3C17C8B52B14F5C300C74788 /* Info.plist */,
				3C17C8B32B14F44800C74788 /* GoogleService-Info.plist */,
				3C17C8752B14D60D00C74788 /* Assets.xcassets */,
				3C17C8B62B14F83B00C74788 /* Config.xcconfig */,
			);
			path = SupportingFiles;
			sourceTree = "<group>";
		};
		3C2957C32B7D49E400BBDD4F /* Index */ = {
			isa = PBXGroup;
			children = (
				3C46FBBF2B152BAE003B0884 /* BoatsView.swift */,
			);
			path = Index;
			sourceTree = "<group>";
		};
		3C2957C42B7D49EA00BBDD4F /* Show */ = {
			isa = PBXGroup;
			children = (
				3CC041C42B7A7AE900ABDE55 /* MenuBoatView.swift */,
				3C524A8C2B1B8207000B1667 /* BoatView.swift */,
			);
			path = Show;
			sourceTree = "<group>";
		};
		3C2957C52B7D49F000BBDD4F /* Update */ = {
			isa = PBXGroup;
			children = (
				3CC041BE2B7911C400ABDE55 /* UpdateBoatView.swift */,
				3CC041C62B7A7D8B00ABDE55 /* UpdateCrewBoatView.swift */,
			);
			path = Update;
			sourceTree = "<group>";
		};
		3C2957C62B7FE86C00BBDD4F /* Index */ = {
			isa = PBXGroup;
			children = (
				3C524A822B1B72A5000B1667 /* FeedsView.swift */,
				3C2957C72B7FE8B900BBDD4F /* EventRowView.swift */,
			);
			path = Index;
			sourceTree = "<group>";
		};
		3C701FEF2B336C330066721B /* Components */ = {
			isa = PBXGroup;
			children = (
				3C524A842B1B72CA000B1667 /* PicturesView.swift */,
				3C524A8E2B1B92D2000B1667 /* CrewView.swift */,
				3C701FF02B336C610066721B /* InputView.swift */,
				3C701FF62B33745B0066721B /* SettingsRowView.swift */,
				3CC041C22B7A740100ABDE55 /* UserImageView.swift */,
			);
			path = Components;
			sourceTree = "<group>";
		};
		3CA275E62B3590BF00C532FD /* App */ = {
			isa = PBXGroup;
			children = (
				3C17C8712B14D60B00C74788 /* WeSailApp.swift */,
				3C17C8732B14D60B00C74788 /* ContentView.swift */,
				3CA275E82B36F2A200C532FD /* Auth */,
				3CA275EA2B36F31B00C532FD /* Feeds */,
				3CA275EB2B36F34000C532FD /* Boats */,
				3CA275E72B36F23300C532FD /* Conversations */,
				3CA275E92B36F2C800C532FD /* User */,
			);
			path = App;
			sourceTree = "<group>";
		};
		3CA275E72B36F23300C532FD /* Conversations */ = {
			isa = PBXGroup;
			children = (
				3CEBE2852B1A330100EA59D5 /* ConversationsViewModel.swift */,
				3CEBE2832B1A307600EA59D5 /* ConversationsView.swift */,
				3C17C89E2B14DAEE00C74788 /* ConversationView.swift */,
				3C17C89B2B14D72B00C74788 /* MessageView.swift */,
			);
			path = Conversations;
			sourceTree = "<group>";
		};
		3CA275E82B36F2A200C532FD /* Auth */ = {
			isa = PBXGroup;
			children = (
				3C17C8A72B14E5FB00C74788 /* LoginView.swift */,
				3C701FF22B336FD80066721B /* RegisterView.swift */,
			);
			path = Auth;
			sourceTree = "<group>";
		};
		3CA275E92B36F2C800C532FD /* User */ = {
			isa = PBXGroup;
			children = (
				3CC549AC2B3ECE7300C48919 /* UserViewModel.swift */,
				3C46FBBD2B152A78003B0884 /* ProfileView.swift */,
				3C701FF42B3373790066721B /* ProfileParametersView.swift */,
			);
			path = User;
			sourceTree = "<group>";
		};
		3CA275EA2B36F31B00C532FD /* Feeds */ = {
			isa = PBXGroup;
			children = (
				3C524A902B1B9A3E000B1667 /* FeedsViewModel.swift */,
				3C2957C62B7FE86C00BBDD4F /* Index */,
				3CFA98062B1F547C005FBBCA /* RacesViewModel.swift */,
				3CC041C02B79126200ABDE55 /* EventsListView.swift */,
				3C524A922B1B9FFB000B1667 /* EventView.swift */,
			);
			path = Feeds;
			sourceTree = "<group>";
		};
		3CA275EB2B36F34000C532FD /* Boats */ = {
			isa = PBXGroup;
			children = (
				3C524A862B1B7CEA000B1667 /* BoatsViewModel.swift */,
				3C2957C32B7D49E400BBDD4F /* Index */,
				3C2957C52B7D49F000BBDD4F /* Update */,
				3C2957C42B7D49EA00BBDD4F /* Show */,
				3CA01FF02B61938E00A1B908 /* CreateBoatView.swift */,
				3C2957C12B7D43BE00BBDD4F /* BoatsListView.swift */,
			);
			path = Boats;
			sourceTree = "<group>";
		};
		3CBA30432B27640F00AA19FE /* Boats */ = {
			isa = PBXGroup;
			children = (
				3CBA30482B27800400AA19FE /* BoatsViewTests.swift */,
			);
			path = Boats;
			sourceTree = "<group>";
		};
		3CBA304A2B27861200AA19FE /* Feed */ = {
			isa = PBXGroup;
			children = (
				3CBA304B2B27862700AA19FE /* EventsViewTests.swift */,
			);
			path = Feed;
			sourceTree = "<group>";
		};
		3CBA304F2B27B0B700AA19FE /* Profile */ = {
			isa = PBXGroup;
			children = (
				3CBA30502B27B0D100AA19FE /* ProfileViewTests.swift */,
			);
			path = Profile;
			sourceTree = "<group>";
		};
		3CBA30522B27B44A00AA19FE /* Chats */ = {
			isa = PBXGroup;
			children = (
				3CBA30532B27B46600AA19FE /* ChatsViewTests.swift */,
			);
			path = Chats;
			sourceTree = "<group>";
		};
		3CBF91B02B553F3D001650ED /* Services */ = {
			isa = PBXGroup;
			children = (
				3C17C8AF2B14EC2400C74788 /* AuthService.swift */,
			);
			path = Services;
			sourceTree = "<group>";
		};
		3CBF91B12B5544C6001650ED /* Navigation */ = {
			isa = PBXGroup;
			children = (
				3CBF91B42B554643001650ED /* RouterView.swift */,
			);
			path = Navigation;
			sourceTree = "<group>";
		};
		3CC549A92B3ECB6800C48919 /* Frameworks */ = {
			isa = PBXGroup;
			children = (
			);
			name = Frameworks;
			sourceTree = "<group>";
		};
		3CC549AE2B3ECE7800C48919 /* Models */ = {
			isa = PBXGroup;
			children = (
				3C524A8A2B1B8021000B1667 /* Event.swift */,
				3CFA98042B1F0F72005FBBCA /* Race.swift */,
				3C524A882B1B7D30000B1667 /* Boat.swift */,
				3C17C8A12B14DB3F00C74788 /* Message.swift */,
				3C17C8A52B14E3A900C74788 /* Conversation.swift */,
				3C17C8B12B14F15700C74788 /* User.swift */,
			);
			path = Models;
			sourceTree = "<group>";
		};
		3CC549B12B3ED86B00C48919 /* Repositories */ = {
			isa = PBXGroup;
			children = (
				3CC549B22B3ED88A00C48919 /* BoatRepository.swift */,
				3CC549B42B4028E100C48919 /* EventRepository.swift */,
				3C0D68B82B768D3C008044AE /* ConversationRepository.swift */,
				3CC549B62B4029A200C48919 /* UserRepository.swift */,
			);
			path = Repositories;
			sourceTree = "<group>";
		};
		3CEBE2872B1A425400EA59D5 /* Extensions */ = {
			isa = PBXGroup;
			children = (
				3CEBE2882B1A426600EA59D5 /* Date.swift */,
				3CC549BE2B4032EA00C48919 /* Query.swift */,
			);
			path = Extensions;
			sourceTree = "<group>";
		};
/* End PBXGroup section */

/* Begin PBXNativeTarget section */
		3C17C86D2B14D60B00C74788 /* WeSail */ = {
			isa = PBXNativeTarget;
			buildConfigurationList = 3C17C8922B14D60E00C74788 /* Build configuration list for PBXNativeTarget "WeSail" */;
			buildPhases = (
				3C17C86A2B14D60B00C74788 /* Sources */,
				3C17C86B2B14D60B00C74788 /* Frameworks */,
				3C17C86C2B14D60B00C74788 /* Resources */,
			);
			buildRules = (
			);
			dependencies = (
			);
			name = WeSail;
			packageProductDependencies = (
				3CA275DC2B3585D400C532FD /* FirebaseAnalytics */,
				3CA275DE2B3585D400C532FD /* FirebaseAuth */,
				3CA275E02B3585D400C532FD /* FirebaseFirestore */,
				3CA275E22B3585D400C532FD /* FirebaseFirestoreSwift */,
				3CA275E42B3585D400C532FD /* FirebaseStorage */,
				3CC549AA2B3ECB6800C48919 /* FirebaseAnalyticsSwift */,
			);
			productName = WeSail;
			productReference = 3C17C86E2B14D60B00C74788 /* WeSail.app */;
			productType = "com.apple.product-type.application";
		};
		3C17C87D2B14D60D00C74788 /* WeSailTests */ = {
			isa = PBXNativeTarget;
			buildConfigurationList = 3C17C8952B14D60E00C74788 /* Build configuration list for PBXNativeTarget "WeSailTests" */;
			buildPhases = (
				6DA1C14FFF013444FFBFD1D6 /* [CP] Check Pods Manifest.lock */,
				3C17C87A2B14D60D00C74788 /* Sources */,
				3C17C87B2B14D60D00C74788 /* Frameworks */,
				3C17C87C2B14D60D00C74788 /* Resources */,
			);
			buildRules = (
			);
			dependencies = (
				3C17C8802B14D60D00C74788 /* PBXTargetDependency */,
			);
			name = WeSailTests;
			productName = WeSailTests;
			productReference = 3C17C87E2B14D60D00C74788 /* WeSailTests.xctest */;
			productType = "com.apple.product-type.bundle.unit-test";
		};
		3C17C8872B14D60D00C74788 /* WeSailUITests */ = {
			isa = PBXNativeTarget;
			buildConfigurationList = 3C17C8982B14D60E00C74788 /* Build configuration list for PBXNativeTarget "WeSailUITests" */;
			buildPhases = (
				AA1AB1E50FECD609B870B0B0 /* [CP] Check Pods Manifest.lock */,
				3C17C8842B14D60D00C74788 /* Sources */,
				3C17C8852B14D60D00C74788 /* Frameworks */,
				3C17C8862B14D60D00C74788 /* Resources */,
			);
			buildRules = (
			);
			dependencies = (
				3C17C88A2B14D60E00C74788 /* PBXTargetDependency */,
			);
			name = WeSailUITests;
			productName = WeSailUITests;
			productReference = 3C17C8882B14D60D00C74788 /* WeSailUITests.xctest */;
			productType = "com.apple.product-type.bundle.ui-testing";
		};
/* End PBXNativeTarget section */

/* Begin PBXProject section */
		3C17C8662B14D60B00C74788 /* Project object */ = {
			isa = PBXProject;
			attributes = {
				BuildIndependentTargetsInParallel = 1;
				LastSwiftUpdateCheck = 1500;
				LastUpgradeCheck = 1500;
				TargetAttributes = {
					3C17C86D2B14D60B00C74788 = {
						CreatedOnToolsVersion = 15.0.1;
					};
					3C17C87D2B14D60D00C74788 = {
						CreatedOnToolsVersion = 15.0.1;
						TestTargetID = 3C17C86D2B14D60B00C74788;
					};
					3C17C8872B14D60D00C74788 = {
						CreatedOnToolsVersion = 15.0.1;
						LastSwiftMigration = 1500;
						TestTargetID = 3C17C86D2B14D60B00C74788;
					};
				};
			};
			buildConfigurationList = 3C17C8692B14D60B00C74788 /* Build configuration list for PBXProject "WeSail" */;
			compatibilityVersion = "Xcode 14.0";
			developmentRegion = en;
			hasScannedForEncodings = 0;
			knownRegions = (
				en,
				Base,
			);
			mainGroup = 3C17C8652B14D60B00C74788;
			packageReferences = (
				3CA275DB2B3585D400C532FD /* XCRemoteSwiftPackageReference "firebase-ios-sdk" */,
			);
			productRefGroup = 3C17C86F2B14D60B00C74788 /* Products */;
			projectDirPath = "";
			projectRoot = "";
			targets = (
				3C17C86D2B14D60B00C74788 /* WeSail */,
				3C17C87D2B14D60D00C74788 /* WeSailTests */,
				3C17C8872B14D60D00C74788 /* WeSailUITests */,
			);
		};
/* End PBXProject section */

/* Begin PBXResourcesBuildPhase section */
		3C17C86C2B14D60B00C74788 /* Resources */ = {
			isa = PBXResourcesBuildPhase;
			buildActionMask = 2147483647;
			files = (
				3C17C8792B14D60D00C74788 /* Preview Assets.xcassets in Resources */,
				3C17C8762B14D60D00C74788 /* Assets.xcassets in Resources */,
				3C17C8B42B14F44800C74788 /* GoogleService-Info.plist in Resources */,
			);
			runOnlyForDeploymentPostprocessing = 0;
		};
		3C17C87C2B14D60D00C74788 /* Resources */ = {
			isa = PBXResourcesBuildPhase;
			buildActionMask = 2147483647;
			files = (
			);
			runOnlyForDeploymentPostprocessing = 0;
		};
		3C17C8862B14D60D00C74788 /* Resources */ = {
			isa = PBXResourcesBuildPhase;
			buildActionMask = 2147483647;
			files = (
			);
			runOnlyForDeploymentPostprocessing = 0;
		};
/* End PBXResourcesBuildPhase section */

/* Begin PBXShellScriptBuildPhase section */
		6DA1C14FFF013444FFBFD1D6 /* [CP] Check Pods Manifest.lock */ = {
			isa = PBXShellScriptBuildPhase;
			buildActionMask = 2147483647;
			files = (
			);
			inputFileListPaths = (
			);
			inputPaths = (
				"${PODS_PODFILE_DIR_PATH}/Podfile.lock",
				"${PODS_ROOT}/Manifest.lock",
			);
			name = "[CP] Check Pods Manifest.lock";
			outputFileListPaths = (
			);
			outputPaths = (
				"$(DERIVED_FILE_DIR)/Pods-WeSailTests-checkManifestLockResult.txt",
			);
			runOnlyForDeploymentPostprocessing = 0;
			shellPath = /bin/sh;
			shellScript = "diff \"${PODS_PODFILE_DIR_PATH}/Podfile.lock\" \"${PODS_ROOT}/Manifest.lock\" > /dev/null\nif [ $? != 0 ] ; then\n    # print error to STDERR\n    echo \"error: The sandbox is not in sync with the Podfile.lock. Run 'pod install' or update your CocoaPods installation.\" >&2\n    exit 1\nfi\n# This output is used by Xcode 'outputs' to avoid re-running this script phase.\necho \"SUCCESS\" > \"${SCRIPT_OUTPUT_FILE_0}\"\n";
			showEnvVarsInLog = 0;
		};
		AA1AB1E50FECD609B870B0B0 /* [CP] Check Pods Manifest.lock */ = {
			isa = PBXShellScriptBuildPhase;
			buildActionMask = 2147483647;
			files = (
			);
			inputFileListPaths = (
			);
			inputPaths = (
				"${PODS_PODFILE_DIR_PATH}/Podfile.lock",
				"${PODS_ROOT}/Manifest.lock",
			);
			name = "[CP] Check Pods Manifest.lock";
			outputFileListPaths = (
			);
			outputPaths = (
				"$(DERIVED_FILE_DIR)/Pods-WeSail-WeSailUITests-checkManifestLockResult.txt",
			);
			runOnlyForDeploymentPostprocessing = 0;
			shellPath = /bin/sh;
			shellScript = "diff \"${PODS_PODFILE_DIR_PATH}/Podfile.lock\" \"${PODS_ROOT}/Manifest.lock\" > /dev/null\nif [ $? != 0 ] ; then\n    # print error to STDERR\n    echo \"error: The sandbox is not in sync with the Podfile.lock. Run 'pod install' or update your CocoaPods installation.\" >&2\n    exit 1\nfi\n# This output is used by Xcode 'outputs' to avoid re-running this script phase.\necho \"SUCCESS\" > \"${SCRIPT_OUTPUT_FILE_0}\"\n";
			showEnvVarsInLog = 0;
		};
/* End PBXShellScriptBuildPhase section */

/* Begin PBXSourcesBuildPhase section */
		3C17C86A2B14D60B00C74788 /* Sources */ = {
			isa = PBXSourcesBuildPhase;
			buildActionMask = 2147483647;
			files = (
				3CFA98072B1F547C005FBBCA /* RacesViewModel.swift in Sources */,
				3C701FF12B336C610066721B /* InputView.swift in Sources */,
				3C17C8B02B14EC2400C74788 /* AuthService.swift in Sources */,
				3C2957C22B7D43BE00BBDD4F /* BoatsListView.swift in Sources */,
				3CEBE2862B1A330100EA59D5 /* ConversationsViewModel.swift in Sources */,
				3CC041C72B7A7D8B00ABDE55 /* UpdateCrewBoatView.swift in Sources */,
				3C17C89F2B14DAEE00C74788 /* ConversationView.swift in Sources */,
				3C524A912B1B9A3E000B1667 /* FeedsViewModel.swift in Sources */,
				3CBF91B52B554643001650ED /* RouterView.swift in Sources */,
				3CC549B32B3ED88A00C48919 /* BoatRepository.swift in Sources */,
				3C17C8A82B14E5FB00C74788 /* LoginView.swift in Sources */,
				3C701FF32B336FD80066721B /* RegisterView.swift in Sources */,
				3C46FBBE2B152A78003B0884 /* ProfileView.swift in Sources */,
				3CC041C52B7A7AE900ABDE55 /* MenuBoatView.swift in Sources */,
				3CEBE2892B1A426600EA59D5 /* Date.swift in Sources */,
				3C17C8A62B14E3A900C74788 /* Conversation.swift in Sources */,
				3CC041C12B79126200ABDE55 /* EventsListView.swift in Sources */,
				3C17C89C2B14D72B00C74788 /* MessageView.swift in Sources */,
				3C701FF52B3373790066721B /* ProfileParametersView.swift in Sources */,
				3CC549BF2B4032EA00C48919 /* Query.swift in Sources */,
				3C524A872B1B7CEA000B1667 /* BoatsViewModel.swift in Sources */,
				3CC549B72B4029A200C48919 /* UserRepository.swift in Sources */,
				3CC041C32B7A740100ABDE55 /* UserImageView.swift in Sources */,
				3C524A8B2B1B8021000B1667 /* Event.swift in Sources */,
				3C524A8F2B1B92D2000B1667 /* CrewView.swift in Sources */,
				3C524A932B1B9FFB000B1667 /* EventView.swift in Sources */,
				3C524A892B1B7D30000B1667 /* Boat.swift in Sources */,
				3CA01FF12B61938E00A1B908 /* CreateBoatView.swift in Sources */,
				3C524A8D2B1B8207000B1667 /* BoatView.swift in Sources */,
				3C701FF72B33745B0066721B /* SettingsRowView.swift in Sources */,
				3CC041BF2B7911C400ABDE55 /* UpdateBoatView.swift in Sources */,
				3C524A852B1B72CA000B1667 /* PicturesView.swift in Sources */,
				3C17C8A22B14DB3F00C74788 /* Message.swift in Sources */,
				3CC549B52B4028E100C48919 /* EventRepository.swift in Sources */,
				3C0D68B92B768D3C008044AE /* ConversationRepository.swift in Sources */,
				3C17C8742B14D60B00C74788 /* ContentView.swift in Sources */,
				3C46FBC02B152BAF003B0884 /* BoatsView.swift in Sources */,
				3CFA98052B1F0F72005FBBCA /* Race.swift in Sources */,
				3CC549AD2B3ECE7300C48919 /* UserViewModel.swift in Sources */,
				3CEBE2842B1A307600EA59D5 /* ConversationsView.swift in Sources */,
				3C17C8B22B14F15700C74788 /* User.swift in Sources */,
				3C17C8722B14D60B00C74788 /* WeSailApp.swift in Sources */,
				3C2957C82B7FE8B900BBDD4F /* EventRowView.swift in Sources */,
				3C524A832B1B72A5000B1667 /* FeedsView.swift in Sources */,
			);
			runOnlyForDeploymentPostprocessing = 0;
		};
		3C17C87A2B14D60D00C74788 /* Sources */ = {
			isa = PBXSourcesBuildPhase;
			buildActionMask = 2147483647;
			files = (
				3CBA304E2B27994E00AA19FE /* DateExtensionTests.swift in Sources */,
				3CBA30562B27C07500AA19FE /* ChatsModelTests.swift in Sources */,
			);
			runOnlyForDeploymentPostprocessing = 0;
		};
		3C17C8842B14D60D00C74788 /* Sources */ = {
			isa = PBXSourcesBuildPhase;
			buildActionMask = 2147483647;
			files = (
				3CBA30542B27B46600AA19FE /* ChatsViewTests.swift in Sources */,
				3CBA30492B27800400AA19FE /* BoatsViewTests.swift in Sources */,
				3CBA30512B27B0D100AA19FE /* ProfileViewTests.swift in Sources */,
				3CBA304C2B27862700AA19FE /* EventsViewTests.swift in Sources */,
			);
			runOnlyForDeploymentPostprocessing = 0;
		};
/* End PBXSourcesBuildPhase section */

/* Begin PBXTargetDependency section */
		3C17C8802B14D60D00C74788 /* PBXTargetDependency */ = {
			isa = PBXTargetDependency;
			target = 3C17C86D2B14D60B00C74788 /* WeSail */;
			targetProxy = 3C17C87F2B14D60D00C74788 /* PBXContainerItemProxy */;
		};
		3C17C88A2B14D60E00C74788 /* PBXTargetDependency */ = {
			isa = PBXTargetDependency;
			target = 3C17C86D2B14D60B00C74788 /* WeSail */;
			targetProxy = 3C17C8892B14D60E00C74788 /* PBXContainerItemProxy */;
		};
/* End PBXTargetDependency section */

/* Begin XCBuildConfiguration section */
		3C17C8902B14D60E00C74788 /* Debug */ = {
			isa = XCBuildConfiguration;
			buildSettings = {
				ALWAYS_SEARCH_USER_PATHS = NO;
				ASSETCATALOG_COMPILER_GENERATE_SWIFT_ASSET_SYMBOL_EXTENSIONS = YES;
				CLANG_ANALYZER_NONNULL = YES;
				CLANG_ANALYZER_NUMBER_OBJECT_CONVERSION = YES_AGGRESSIVE;
				CLANG_CXX_LANGUAGE_STANDARD = "gnu++20";
				CLANG_ENABLE_MODULES = YES;
				CLANG_ENABLE_OBJC_ARC = YES;
				CLANG_ENABLE_OBJC_WEAK = YES;
				CLANG_WARN_BLOCK_CAPTURE_AUTORELEASING = YES;
				CLANG_WARN_BOOL_CONVERSION = YES;
				CLANG_WARN_COMMA = YES;
				CLANG_WARN_CONSTANT_CONVERSION = YES;
				CLANG_WARN_DEPRECATED_OBJC_IMPLEMENTATIONS = YES;
				CLANG_WARN_DIRECT_OBJC_ISA_USAGE = YES_ERROR;
				CLANG_WARN_DOCUMENTATION_COMMENTS = YES;
				CLANG_WARN_EMPTY_BODY = YES;
				CLANG_WARN_ENUM_CONVERSION = YES;
				CLANG_WARN_INFINITE_RECURSION = YES;
				CLANG_WARN_INT_CONVERSION = YES;
				CLANG_WARN_NON_LITERAL_NULL_CONVERSION = YES;
				CLANG_WARN_OBJC_IMPLICIT_RETAIN_SELF = YES;
				CLANG_WARN_OBJC_LITERAL_CONVERSION = YES;
				CLANG_WARN_OBJC_ROOT_CLASS = YES_ERROR;
				CLANG_WARN_QUOTED_INCLUDE_IN_FRAMEWORK_HEADER = YES;
				CLANG_WARN_RANGE_LOOP_ANALYSIS = YES;
				CLANG_WARN_STRICT_PROTOTYPES = YES;
				CLANG_WARN_SUSPICIOUS_MOVE = YES;
				CLANG_WARN_UNGUARDED_AVAILABILITY = YES_AGGRESSIVE;
				CLANG_WARN_UNREACHABLE_CODE = YES;
				CLANG_WARN__DUPLICATE_METHOD_MATCH = YES;
				COPY_PHASE_STRIP = NO;
				DEBUG_INFORMATION_FORMAT = dwarf;
				ENABLE_STRICT_OBJC_MSGSEND = YES;
				ENABLE_TESTABILITY = YES;
				ENABLE_USER_SCRIPT_SANDBOXING = NO;
				GCC_C_LANGUAGE_STANDARD = gnu17;
				GCC_DYNAMIC_NO_PIC = NO;
				GCC_NO_COMMON_BLOCKS = YES;
				GCC_OPTIMIZATION_LEVEL = 0;
				GCC_PREPROCESSOR_DEFINITIONS = (
					"DEBUG=1",
					"$(inherited)",
				);
				GCC_WARN_64_TO_32_BIT_CONVERSION = YES;
				GCC_WARN_ABOUT_RETURN_TYPE = YES_ERROR;
				GCC_WARN_UNDECLARED_SELECTOR = YES;
				GCC_WARN_UNINITIALIZED_AUTOS = YES_AGGRESSIVE;
				GCC_WARN_UNUSED_FUNCTION = YES;
				GCC_WARN_UNUSED_VARIABLE = YES;
				IPHONEOS_DEPLOYMENT_TARGET = 16.0;
				LOCALIZATION_PREFERS_STRING_CATALOGS = YES;
				MTL_ENABLE_DEBUG_INFO = INCLUDE_SOURCE;
				MTL_FAST_MATH = YES;
				ONLY_ACTIVE_ARCH = YES;
				SDKROOT = iphoneos;
				SWIFT_ACTIVE_COMPILATION_CONDITIONS = "DEBUG $(inherited)";
				SWIFT_OPTIMIZATION_LEVEL = "-Onone";
			};
			name = Debug;
		};
		3C17C8912B14D60E00C74788 /* Release */ = {
			isa = XCBuildConfiguration;
			buildSettings = {
				ALWAYS_SEARCH_USER_PATHS = NO;
				ASSETCATALOG_COMPILER_GENERATE_SWIFT_ASSET_SYMBOL_EXTENSIONS = YES;
				CLANG_ANALYZER_NONNULL = YES;
				CLANG_ANALYZER_NUMBER_OBJECT_CONVERSION = YES_AGGRESSIVE;
				CLANG_CXX_LANGUAGE_STANDARD = "gnu++20";
				CLANG_ENABLE_MODULES = YES;
				CLANG_ENABLE_OBJC_ARC = YES;
				CLANG_ENABLE_OBJC_WEAK = YES;
				CLANG_WARN_BLOCK_CAPTURE_AUTORELEASING = YES;
				CLANG_WARN_BOOL_CONVERSION = YES;
				CLANG_WARN_COMMA = YES;
				CLANG_WARN_CONSTANT_CONVERSION = YES;
				CLANG_WARN_DEPRECATED_OBJC_IMPLEMENTATIONS = YES;
				CLANG_WARN_DIRECT_OBJC_ISA_USAGE = YES_ERROR;
				CLANG_WARN_DOCUMENTATION_COMMENTS = YES;
				CLANG_WARN_EMPTY_BODY = YES;
				CLANG_WARN_ENUM_CONVERSION = YES;
				CLANG_WARN_INFINITE_RECURSION = YES;
				CLANG_WARN_INT_CONVERSION = YES;
				CLANG_WARN_NON_LITERAL_NULL_CONVERSION = YES;
				CLANG_WARN_OBJC_IMPLICIT_RETAIN_SELF = YES;
				CLANG_WARN_OBJC_LITERAL_CONVERSION = YES;
				CLANG_WARN_OBJC_ROOT_CLASS = YES_ERROR;
				CLANG_WARN_QUOTED_INCLUDE_IN_FRAMEWORK_HEADER = YES;
				CLANG_WARN_RANGE_LOOP_ANALYSIS = YES;
				CLANG_WARN_STRICT_PROTOTYPES = YES;
				CLANG_WARN_SUSPICIOUS_MOVE = YES;
				CLANG_WARN_UNGUARDED_AVAILABILITY = YES_AGGRESSIVE;
				CLANG_WARN_UNREACHABLE_CODE = YES;
				CLANG_WARN__DUPLICATE_METHOD_MATCH = YES;
				COPY_PHASE_STRIP = NO;
				DEBUG_INFORMATION_FORMAT = "dwarf-with-dsym";
				ENABLE_NS_ASSERTIONS = NO;
				ENABLE_STRICT_OBJC_MSGSEND = YES;
				ENABLE_USER_SCRIPT_SANDBOXING = NO;
				GCC_C_LANGUAGE_STANDARD = gnu17;
				GCC_NO_COMMON_BLOCKS = YES;
				GCC_WARN_64_TO_32_BIT_CONVERSION = YES;
				GCC_WARN_ABOUT_RETURN_TYPE = YES_ERROR;
				GCC_WARN_UNDECLARED_SELECTOR = YES;
				GCC_WARN_UNINITIALIZED_AUTOS = YES_AGGRESSIVE;
				GCC_WARN_UNUSED_FUNCTION = YES;
				GCC_WARN_UNUSED_VARIABLE = YES;
				IPHONEOS_DEPLOYMENT_TARGET = 16.0;
				LOCALIZATION_PREFERS_STRING_CATALOGS = YES;
				MTL_ENABLE_DEBUG_INFO = NO;
				MTL_FAST_MATH = YES;
				SDKROOT = iphoneos;
				SWIFT_COMPILATION_MODE = wholemodule;
				VALIDATE_PRODUCT = YES;
			};
			name = Release;
		};
		3C17C8932B14D60E00C74788 /* Debug */ = {
			isa = XCBuildConfiguration;
			buildSettings = {
				ASSETCATALOG_COMPILER_APPICON_NAME = AppIcon;
				ASSETCATALOG_COMPILER_GLOBAL_ACCENT_COLOR_NAME = AccentColor;
				CODE_SIGN_IDENTITY = "Apple Development";
				CODE_SIGN_STYLE = Automatic;
				CURRENT_PROJECT_VERSION = 1;
				DEVELOPMENT_ASSET_PATHS = "\"WeSail/SupportingFiles\"";
				DEVELOPMENT_TEAM = QZLFUD88FU;
				ENABLE_PREVIEWS = YES;
				GENERATE_INFOPLIST_FILE = YES;
				INFOPLIST_FILE = WeSail/SupportingFiles/Info.plist;
				INFOPLIST_KEY_UIApplicationSceneManifest_Generation = YES;
				INFOPLIST_KEY_UIApplicationSupportsIndirectInputEvents = YES;
				INFOPLIST_KEY_UILaunchScreen_Generation = YES;
				INFOPLIST_KEY_UIRequiresFullScreen = YES;
				INFOPLIST_KEY_UISupportedInterfaceOrientations = UIInterfaceOrientationPortrait;
				IPHONEOS_DEPLOYMENT_TARGET = 16.0;
				LD_RUNPATH_SEARCH_PATHS = (
					"$(inherited)",
					"@executable_path/Frameworks",
				);
				MARKETING_VERSION = 1.0;
				PRODUCT_BUNDLE_IDENTIFIER = fr.qdtrl.WeSail;
				PRODUCT_NAME = "$(TARGET_NAME)";
				PROVISIONING_PROFILE_SPECIFIER = "";
				SUPPORTED_PLATFORMS = "iphoneos iphonesimulator";
				SUPPORTS_MACCATALYST = NO;
				SUPPORTS_MAC_DESIGNED_FOR_IPHONE_IPAD = NO;
				SWIFT_EMIT_LOC_STRINGS = YES;
				SWIFT_VERSION = 5.0;
				TARGETED_DEVICE_FAMILY = "1,2";
			};
			name = Debug;
		};
		3C17C8942B14D60E00C74788 /* Release */ = {
			isa = XCBuildConfiguration;
			buildSettings = {
				ASSETCATALOG_COMPILER_APPICON_NAME = AppIcon;
				ASSETCATALOG_COMPILER_GLOBAL_ACCENT_COLOR_NAME = AccentColor;
				CODE_SIGN_IDENTITY = "Apple Development";
				CODE_SIGN_STYLE = Automatic;
				CURRENT_PROJECT_VERSION = 1;
				DEVELOPMENT_ASSET_PATHS = "\"WeSail/SupportingFiles\"";
				DEVELOPMENT_TEAM = QZLFUD88FU;
				ENABLE_PREVIEWS = YES;
				GENERATE_INFOPLIST_FILE = YES;
				INFOPLIST_FILE = WeSail/SupportingFiles/Info.plist;
				INFOPLIST_KEY_UIApplicationSceneManifest_Generation = YES;
				INFOPLIST_KEY_UIApplicationSupportsIndirectInputEvents = YES;
				INFOPLIST_KEY_UILaunchScreen_Generation = YES;
				INFOPLIST_KEY_UIRequiresFullScreen = YES;
				INFOPLIST_KEY_UISupportedInterfaceOrientations = UIInterfaceOrientationPortrait;
				IPHONEOS_DEPLOYMENT_TARGET = 16.0;
				LD_RUNPATH_SEARCH_PATHS = (
					"$(inherited)",
					"@executable_path/Frameworks",
				);
				MARKETING_VERSION = 1.0;
				PRODUCT_BUNDLE_IDENTIFIER = fr.qdtrl.WeSail;
				PRODUCT_NAME = "$(TARGET_NAME)";
				PROVISIONING_PROFILE_SPECIFIER = "";
				SUPPORTED_PLATFORMS = "iphoneos iphonesimulator";
				SUPPORTS_MACCATALYST = NO;
				SUPPORTS_MAC_DESIGNED_FOR_IPHONE_IPAD = NO;
				SWIFT_EMIT_LOC_STRINGS = YES;
				SWIFT_VERSION = 5.0;
				TARGETED_DEVICE_FAMILY = "1,2";
			};
			name = Release;
		};
		3C17C8962B14D60E00C74788 /* Debug */ = {
			isa = XCBuildConfiguration;
			buildSettings = {
				BUNDLE_LOADER = "$(TEST_HOST)";
				CODE_SIGN_STYLE = Automatic;
				CURRENT_PROJECT_VERSION = 1;
				GENERATE_INFOPLIST_FILE = YES;
				IPHONEOS_DEPLOYMENT_TARGET = 16.0;
				MARKETING_VERSION = 1.0;
				PRODUCT_BUNDLE_IDENTIFIER = fr.qdtrl.WeSailTests;
				PRODUCT_NAME = "$(TARGET_NAME)";
				SUPPORTED_PLATFORMS = "iphoneos iphonesimulator";
				SUPPORTS_MACCATALYST = NO;
				SUPPORTS_MAC_DESIGNED_FOR_IPHONE_IPAD = NO;
				SWIFT_EMIT_LOC_STRINGS = NO;
				SWIFT_VERSION = 5.0;
				TARGETED_DEVICE_FAMILY = "1,2";
				TEST_HOST = "$(BUILT_PRODUCTS_DIR)/WeSail.app/$(BUNDLE_EXECUTABLE_FOLDER_PATH)/WeSail";
			};
			name = Debug;
		};
		3C17C8972B14D60E00C74788 /* Release */ = {
			isa = XCBuildConfiguration;
			buildSettings = {
				BUNDLE_LOADER = "$(TEST_HOST)";
				CODE_SIGN_STYLE = Automatic;
				CURRENT_PROJECT_VERSION = 1;
				GENERATE_INFOPLIST_FILE = YES;
				IPHONEOS_DEPLOYMENT_TARGET = 16.0;
				MARKETING_VERSION = 1.0;
				PRODUCT_BUNDLE_IDENTIFIER = fr.qdtrl.WeSailTests;
				PRODUCT_NAME = "$(TARGET_NAME)";
				SUPPORTED_PLATFORMS = "iphoneos iphonesimulator";
				SUPPORTS_MACCATALYST = NO;
				SUPPORTS_MAC_DESIGNED_FOR_IPHONE_IPAD = NO;
				SWIFT_EMIT_LOC_STRINGS = NO;
				SWIFT_VERSION = 5.0;
				TARGETED_DEVICE_FAMILY = "1,2";
				TEST_HOST = "$(BUILT_PRODUCTS_DIR)/WeSail.app/$(BUNDLE_EXECUTABLE_FOLDER_PATH)/WeSail";
			};
			name = Release;
		};
		3C17C8992B14D60E00C74788 /* Debug */ = {
			isa = XCBuildConfiguration;
			buildSettings = {
				CLANG_ENABLE_MODULES = YES;
				CODE_SIGN_STYLE = Automatic;
				CURRENT_PROJECT_VERSION = 1;
				GENERATE_INFOPLIST_FILE = YES;
				MARKETING_VERSION = 1.0;
				PRODUCT_BUNDLE_IDENTIFIER = fr.qdtrl.WeSailUITests;
				PRODUCT_NAME = "$(TARGET_NAME)";
				SUPPORTED_PLATFORMS = "iphoneos iphonesimulator";
				SUPPORTS_MACCATALYST = NO;
				SUPPORTS_MAC_DESIGNED_FOR_IPHONE_IPAD = NO;
				SWIFT_EMIT_LOC_STRINGS = NO;
				SWIFT_OPTIMIZATION_LEVEL = "-Onone";
				SWIFT_VERSION = 5.0;
				TARGETED_DEVICE_FAMILY = "1,2";
				TEST_TARGET_NAME = WeSail;
			};
			name = Debug;
		};
		3C17C89A2B14D60E00C74788 /* Release */ = {
			isa = XCBuildConfiguration;
			buildSettings = {
				CLANG_ENABLE_MODULES = YES;
				CODE_SIGN_STYLE = Automatic;
				CURRENT_PROJECT_VERSION = 1;
				GENERATE_INFOPLIST_FILE = YES;
				MARKETING_VERSION = 1.0;
				PRODUCT_BUNDLE_IDENTIFIER = fr.qdtrl.WeSailUITests;
				PRODUCT_NAME = "$(TARGET_NAME)";
				SUPPORTED_PLATFORMS = "iphoneos iphonesimulator";
				SUPPORTS_MACCATALYST = NO;
				SUPPORTS_MAC_DESIGNED_FOR_IPHONE_IPAD = NO;
				SWIFT_EMIT_LOC_STRINGS = NO;
				SWIFT_VERSION = 5.0;
				TARGETED_DEVICE_FAMILY = "1,2";
				TEST_TARGET_NAME = WeSail;
			};
			name = Release;
		};
/* End XCBuildConfiguration section */

/* Begin XCConfigurationList section */
		3C17C8692B14D60B00C74788 /* Build configuration list for PBXProject "WeSail" */ = {
			isa = XCConfigurationList;
			buildConfigurations = (
				3C17C8902B14D60E00C74788 /* Debug */,
				3C17C8912B14D60E00C74788 /* Release */,
			);
			defaultConfigurationIsVisible = 0;
			defaultConfigurationName = Release;
		};
		3C17C8922B14D60E00C74788 /* Build configuration list for PBXNativeTarget "WeSail" */ = {
			isa = XCConfigurationList;
			buildConfigurations = (
				3C17C8932B14D60E00C74788 /* Debug */,
				3C17C8942B14D60E00C74788 /* Release */,
			);
			defaultConfigurationIsVisible = 0;
			defaultConfigurationName = Release;
		};
		3C17C8952B14D60E00C74788 /* Build configuration list for PBXNativeTarget "WeSailTests" */ = {
			isa = XCConfigurationList;
			buildConfigurations = (
				3C17C8962B14D60E00C74788 /* Debug */,
				3C17C8972B14D60E00C74788 /* Release */,
			);
			defaultConfigurationIsVisible = 0;
			defaultConfigurationName = Release;
		};
		3C17C8982B14D60E00C74788 /* Build configuration list for PBXNativeTarget "WeSailUITests" */ = {
			isa = XCConfigurationList;
			buildConfigurations = (
				3C17C8992B14D60E00C74788 /* Debug */,
				3C17C89A2B14D60E00C74788 /* Release */,
			);
			defaultConfigurationIsVisible = 0;
			defaultConfigurationName = Release;
		};
/* End XCConfigurationList section */

/* Begin XCRemoteSwiftPackageReference section */
		3CA275DB2B3585D400C532FD /* XCRemoteSwiftPackageReference "firebase-ios-sdk" */ = {
			isa = XCRemoteSwiftPackageReference;
			repositoryURL = "https://github.com/firebase/firebase-ios-sdk";
			requirement = {
				kind = upToNextMajorVersion;
				minimumVersion = 10.19.1;
			};
		};
/* End XCRemoteSwiftPackageReference section */

/* Begin XCSwiftPackageProductDependency section */
		3CA275DC2B3585D400C532FD /* FirebaseAnalytics */ = {
			isa = XCSwiftPackageProductDependency;
			package = 3CA275DB2B3585D400C532FD /* XCRemoteSwiftPackageReference "firebase-ios-sdk" */;
			productName = FirebaseAnalytics;
		};
		3CA275DE2B3585D400C532FD /* FirebaseAuth */ = {
			isa = XCSwiftPackageProductDependency;
			package = 3CA275DB2B3585D400C532FD /* XCRemoteSwiftPackageReference "firebase-ios-sdk" */;
			productName = FirebaseAuth;
		};
		3CA275E02B3585D400C532FD /* FirebaseFirestore */ = {
			isa = XCSwiftPackageProductDependency;
			package = 3CA275DB2B3585D400C532FD /* XCRemoteSwiftPackageReference "firebase-ios-sdk" */;
			productName = FirebaseFirestore;
		};
		3CA275E22B3585D400C532FD /* FirebaseFirestoreSwift */ = {
			isa = XCSwiftPackageProductDependency;
			package = 3CA275DB2B3585D400C532FD /* XCRemoteSwiftPackageReference "firebase-ios-sdk" */;
			productName = FirebaseFirestoreSwift;
		};
		3CA275E42B3585D400C532FD /* FirebaseStorage */ = {
			isa = XCSwiftPackageProductDependency;
			package = 3CA275DB2B3585D400C532FD /* XCRemoteSwiftPackageReference "firebase-ios-sdk" */;
			productName = FirebaseStorage;
		};
		3CC549AA2B3ECB6800C48919 /* FirebaseAnalyticsSwift */ = {
			isa = XCSwiftPackageProductDependency;
			package = 3CA275DB2B3585D400C532FD /* XCRemoteSwiftPackageReference "firebase-ios-sdk" */;
			productName = FirebaseAnalyticsSwift;
		};
/* End XCSwiftPackageProductDependency section */
	};
	rootObject = 3C17C8662B14D60B00C74788 /* Project object */;
}
